// !$*UTF8*$!
{
	archiveVersion = 1;
	classes = {
	};
	objectVersion = 60;
	objects = {

/* Begin PBXBuildFile section */
		308F37CF2FC8E0F900CBC499 /* Assets.xcassets in Resources */ = {isa = PBXBuildFile; fileRef = 308F37C42FC8E0F900CBC499 /* Assets.xcassets */; };
		308F37D12FC8E0F900CBC499 /* LaunchScreen.storyboard in Resources */ = {isa = PBXBuildFile; fileRef = 308F37C82FC8E0F900CBC499 /* LaunchScreen.storyboard */; };
		308F37D22FC8E0F900CBC499 /* Main.storyboard in Resources */ = {isa = PBXBuildFile; fileRef = 308F37CA2FC8E0F900CBC499 /* Main.storyboard */; };
		308F37D32FC8E0F900CBC499 /* privacy_policy.md in Resources */ = {isa = PBXBuildFile; fileRef = 308F37CB2FC8E0F900CBC499 /* privacy_policy.md */; };
		308F37D42FC8E0F900CBC499 /* CardStyles.swift in Sources */ = {isa = PBXBuildFile; fileRef = 308F376A2FC8E0F900CBC499 /* CardStyles.swift */; };
		308F37D52FC8E0F900CBC499 /* CustomCells.swift in Sources */ = {isa = PBXBuildFile; fileRef = 308F376B2FC8E0F900CBC499 /* CustomCells.swift */; };
		308F37D62FC8E0F900CBC499 /* VisualEffects.swift in Sources */ = {isa = PBXBuildFile; fileRef = 308F376C2FC8E0F900CBC499 /* VisualEffects.swift */; };
		308F37D72FC8E0F900CBC499 /* ActivityCard.swift in Sources */ = {isa = PBXBuildFile; fileRef = 308F376E2FC8E0F900CBC499 /* ActivityCard.swift */; };
		308F37D82FC8E0F900CBC499 /* AnimatedPlayBackground.swift in Sources */ = {isa = PBXBuildFile; fileRef = 308F376F2FC8E0F900CBC499 /* AnimatedPlayBackground.swift */; };
		308F37D92FC8E0F900CBC499 /* AppButton.swift in Sources */ = {isa = PBXBuildFile; fileRef = 308F37702FC8E0F900CBC499 /* AppButton.swift */; };
		308F37DA2FC8E0F900CBC499 /* BackgroundPatternView.swift in Sources */ = {isa = PBXBuildFile; fileRef = 308F37712FC8E0F900CBC499 /* BackgroundPatternView.swift */; };
		308F37DB2FC8E0F900CBC499 /* ComboCounterView.swift in Sources */ = {isa = PBXBuildFile; fileRef = 308F37722FC8E0F900CBC499 /* ComboCounterView.swift */; };
		308F37DC2FC8E0F900CBC499 /* CustomTabBar.swift in Sources */ = {isa = PBXBuildFile; fileRef = 308F37732FC8E0F900CBC499 /* CustomTabBar.swift */; };
		308F37DD2FC8E0F900CBC499 /* DailyChallengeCard.swift in Sources */ = {isa = PBXBuildFile; fileRef = 308F37742FC8E0F900CBC499 /* DailyChallengeCard.swift */; };
		308F37DE2FC8E0F900CBC499 /* InGameHintBar.swift in Sources */ = {isa = PBXBuildFile; fileRef = 308F37752FC8E0F900CBC499 /* InGameHintBar.swift */; };
		308F37DF2FC8E0F900CBC499 /* LevelMapView.swift in Sources */ = {isa = PBXBuildFile; fileRef = 308F37762FC8E0F900CBC499 /* LevelMapView.swift */; };
		308F37E02FC8E0F900CBC499 /* StarRatingView.swift in Sources */ = {isa = PBXBuildFile; fileRef = 308F37772FC8E0F900CBC499 /* StarRatingView.swift */; };
		308F37E12FC8E0F900CBC499 /* StreakCalendarView.swift in Sources */ = {isa = PBXBuildFile; fileRef = 308F37782FC8E0F900CBC499 /* StreakCalendarView.swift */; };
		308F37E22FC8E0F900CBC499 /* AchievementDefinition.swift in Sources */ = {isa = PBXBuildFile; fileRef = 308F377A2FC8E0F900CBC499 /* AchievementDefinition.swift */; };
		308F37E32FC8E0F900CBC499 /* ActivityDefinition.swift in Sources */ = {isa = PBXBuildFile; fileRef = 308F377B2FC8E0F900CBC499 /* ActivityDefinition.swift */; };
		308F37E42FC8E0F900CBC499 /* AppTheme.swift in Sources */ = {isa = PBXBuildFile; fileRef = 308F377C2FC8E0F900CBC499 /* AppTheme.swift */; };
		308F37E52FC8E0F900CBC499 /* GameContent.swift in Sources */ = {isa = PBXBuildFile; fileRef = 308F377D2FC8E0F900CBC499 /* GameContent.swift */; };
		308F37E62FC8E0F900CBC499 /* GameMode.swift in Sources */ = {isa = PBXBuildFile; fileRef = 308F377E2FC8E0F900CBC499 /* GameMode.swift */; };
		308F37E72FC8E0F900CBC499 /* PersonalBestRecord.swift in Sources */ = {isa = PBXBuildFile; fileRef = 308F377F2FC8E0F900CBC499 /* PersonalBestRecord.swift */; };
		308F37E82FC8E0F900CBC499 /* TrackCatalog.swift in Sources */ = {isa = PBXBuildFile; fileRef = 308F37802FC8E0F900CBC499 /* TrackCatalog.swift */; };
		308F37E92FC8E0F900CBC499 /* GameCenterManager.swift in Sources */ = {isa = PBXBuildFile; fileRef = 308F37822FC8E0F900CBC499 /* GameCenterManager.swift */; };
		308F37EA2FC8E0F900CBC499 /* HapticService.swift in Sources */ = {isa = PBXBuildFile; fileRef = 308F37832FC8E0F900CBC499 /* HapticService.swift */; };
		308F37EB2FC8E0F900CBC499 /* SoundService.swift in Sources */ = {isa = PBXBuildFile; fileRef = 308F37842FC8E0F900CBC499 /* SoundService.swift */; };
		308F37EC2FC8E0F900CBC499 /* AppStorage.swift in Sources */ = {isa = PBXBuildFile; fileRef = 308F37862FC8E0F900CBC499 /* AppStorage.swift */; };
		308F37ED2FC8E0F900CBC499 /* ActivityGameHost.swift in Sources */ = {isa = PBXBuildFile; fileRef = 308F37882FC8E0F900CBC499 /* ActivityGameHost.swift */; };
		308F37EE2FC8E0F900CBC499 /* ActivityHintProvider.swift in Sources */ = {isa = PBXBuildFile; fileRef = 308F37892FC8E0F900CBC499 /* ActivityHintProvider.swift */; };
		308F37EF2FC8E0F900CBC499 /* AppLinks.swift in Sources */ = {isa = PBXBuildFile; fileRef = 308F378A2FC8E0F900CBC499 /* AppLinks.swift */; };
		308F37F02FC8E0F900CBC499 /* DailyChallengeGenerator.swift in Sources */ = {isa = PBXBuildFile; fileRef = 308F378B2FC8E0F900CBC499 /* DailyChallengeGenerator.swift */; };
		308F37F12FC8E0F900CBC499 /* GameSessionCoordinator.swift in Sources */ = {isa = PBXBuildFile; fileRef = 308F378C2FC8E0F900CBC499 /* GameSessionCoordinator.swift */; };
		308F37F22FC8E0F900CBC499 /* Notifications.swift in Sources */ = {isa = PBXBuildFile; fileRef = 308F378D2FC8E0F900CBC499 /* Notifications.swift */; };
		308F37F32FC8E0F900CBC499 /* StarCalculator.swift in Sources */ = {isa = PBXBuildFile; fileRef = 308F378E2FC8E0F900CBC499 /* StarCalculator.swift */; };
		308F37F42FC8E0F900CBC499 /* WeeklyEventGenerator.swift in Sources */ = {isa = PBXBuildFile; fileRef = 308F378F2FC8E0F900CBC499 /* WeeklyEventGenerator.swift */; };
		308F37F52FC8E0F900CBC499 /* AchievementDetailView.swift in Sources */ = {isa = PBXBuildFile; fileRef = 308F37922FC8E0F900CBC499 /* AchievementDetailView.swift */; };
		308F37F62FC8E0F900CBC499 /* AchievementsView.swift in Sources */ = {isa = PBXBuildFile; fileRef = 308F37932FC8E0F900CBC499 /* AchievementsView.swift */; };
		308F37F72FC8E0F900CBC499 /* HarmonyPulseView.swift in Sources */ = {isa = PBXBuildFile; fileRef = 308F37952FC8E0F900CBC499 /* HarmonyPulseView.swift */; };
		308F37F82FC8E0F900CBC499 /* HarmonyPulseViewModel.swift in Sources */ = {isa = PBXBuildFile; fileRef = 308F37962FC8E0F900CBC499 /* HarmonyPulseViewModel.swift */; };
		308F37F92FC8E0F900CBC499 /* MelodyGlideView.swift in Sources */ = {isa = PBXBuildFile; fileRef = 308F37982FC8E0F900CBC499 /* MelodyGlideView.swift */; };
		308F37FA2FC8E0F900CBC499 /* MelodyGlideViewModel.swift in Sources */ = {isa = PBXBuildFile; fileRef = 308F37992FC8E0F900CBC499 /* MelodyGlideViewModel.swift */; };
		308F37FB2FC8E0F900CBC499 /* MelodyHoldView.swift in Sources */ = {isa = PBXBuildFile; fileRef = 308F379B2FC8E0F900CBC499 /* MelodyHoldView.swift */; };
		308F37FC2FC8E0F900CBC499 /* MelodyHoldViewModel.swift in Sources */ = {isa = PBXBuildFile; fileRef = 308F379C2FC8E0F900CBC499 /* MelodyHoldViewModel.swift */; };
		308F37FD2FC8E0F900CBC499 /* TapSequenceView.swift in Sources */ = {isa = PBXBuildFile; fileRef = 308F379E2FC8E0F900CBC499 /* TapSequenceView.swift */; };
		308F37FE2FC8E0F900CBC499 /* TapSequenceViewModel.swift in Sources */ = {isa = PBXBuildFile; fileRef = 308F379F2FC8E0F900CBC499 /* TapSequenceViewModel.swift */; };
		308F37FF2FC8E0F900CBC499 /* CampaignMapView.swift in Sources */ = {isa = PBXBuildFile; fileRef = 308F37A22FC8E0F900CBC499 /* CampaignMapView.swift */; };
		308F38002FC8E0F900CBC499 /* ActivityArtworkView.swift in Sources */ = {isa = PBXBuildFile; fileRef = 308F37A42FC8E0F900CBC499 /* ActivityArtworkView.swift */; };
		308F38012FC8E0F900CBC499 /* HomeActivityShowcaseCard.swift in Sources */ = {isa = PBXBuildFile; fileRef = 308F37A52FC8E0F900CBC499 /* HomeActivityShowcaseCard.swift */; };
		308F38022FC8E0F900CBC499 /* HomeWidgets.swift in Sources */ = {isa = PBXBuildFile; fileRef = 308F37A62FC8E0F900CBC499 /* HomeWidgets.swift */; };
		308F38032FC8E0F900CBC499 /* HomeView.swift in Sources */ = {isa = PBXBuildFile; fileRef = 308F37A82FC8E0F900CBC499 /* HomeView.swift */; };
		308F38042FC8E0F900CBC499 /* LevelSelectionView.swift in Sources */ = {isa = PBXBuildFile; fileRef = 308F37AA2FC8E0F900CBC499 /* LevelSelectionView.swift */; };
		308F38052FC8E0F900CBC499 /* MainTabView.swift in Sources */ = {isa = PBXBuildFile; fileRef = 308F37AC2FC8E0F900CBC499 /* MainTabView.swift */; };
		308F38062FC8E0F900CBC499 /* PlayTabView.swift in Sources */ = {isa = PBXBuildFile; fileRef = 308F37AD2FC8E0F900CBC499 /* PlayTabView.swift */; };
		308F38072FC8E0F900CBC499 /* DuelModeView.swift in Sources */ = {isa = PBXBuildFile; fileRef = 308F37AF2FC8E0F900CBC499 /* DuelModeView.swift */; };
		308F38082FC8E0F900CBC499 /* EndlessModeView.swift in Sources */ = {isa = PBXBuildFile; fileRef = 308F37B02FC8E0F900CBC499 /* EndlessModeView.swift */; };
		308F38092FC8E0F900CBC499 /* ModesHubView.swift in Sources */ = {isa = PBXBuildFile; fileRef = 308F37B12FC8E0F900CBC499 /* ModesHubView.swift */; };
		308F380A2FC8E0F900CBC499 /* PatternEditorView.swift in Sources */ = {isa = PBXBuildFile; fileRef = 308F37B22FC8E0F900CBC499 /* PatternEditorView.swift */; };
		308F380B2FC8E0F900CBC499 /* WeeklyEventView.swift in Sources */ = {isa = PBXBuildFile; fileRef = 308F37B32FC8E0F900CBC499 /* WeeklyEventView.swift */; };
		308F380C2FC8E0F900CBC499 /* OnboardingView.swift in Sources */ = {isa = PBXBuildFile; fileRef = 308F37B52FC8E0F900CBC499 /* OnboardingView.swift */; };
		308F380D2FC8E0F900CBC499 /* GameResultView.swift in Sources */ = {isa = PBXBuildFile; fileRef = 308F37B72FC8E0F900CBC499 /* GameResultView.swift */; };
		308F380E2FC8E0F900CBC499 /* PrivacyPolicyView.swift in Sources */ = {isa = PBXBuildFile; fileRef = 308F37B92FC8E0F900CBC499 /* PrivacyPolicyView.swift */; };
		308F380F2FC8E0F900CBC499 /* SettingsView.swift in Sources */ = {isa = PBXBuildFile; fileRef = 308F37BA2FC8E0F900CBC499 /* SettingsView.swift */; };
		308F38102FC8E0F900CBC499 /* SpeedRunView.swift in Sources */ = {isa = PBXBuildFile; fileRef = 308F37BC2FC8E0F900CBC499 /* SpeedRunView.swift */; };
		308F38112FC8E0F900CBC499 /* TrackLibraryView.swift in Sources */ = {isa = PBXBuildFile; fileRef = 308F37BE2FC8E0F900CBC499 /* TrackLibraryView.swift */; };
		308F38122FC8E0F900CBC499 /* ActivityTutorialView.swift in Sources */ = {isa = PBXBuildFile; fileRef = 308F37C02FC8E0F900CBC499 /* ActivityTutorialView.swift */; };
		308F38132FC8E0F900CBC499 /* AppDelegate.swift in Sources */ = {isa = PBXBuildFile; fileRef = 308F37C32FC8E0F900CBC499 /* AppDelegate.swift */; };
		308F38142FC8E0F900CBC499 /* ContentView.swift in Sources */ = {isa = PBXBuildFile; fileRef = 308F37C52FC8E0F900CBC499 /* ContentView.swift */; };
		308F38152FC8E0F900CBC499 /* SceneDelegate.swift in Sources */ = {isa = PBXBuildFile; fileRef = 308F37CC2FC8E0F900CBC499 /* SceneDelegate.swift */; };
		308F38162FC8E0F900CBC499 /* ViewController.swift in Sources */ = {isa = PBXBuildFile; fileRef = 308F37CD2FC8E0F900CBC499 /* ViewController.swift */; };
/* End PBXBuildFile section */

/* Begin PBXFileReference section */
		308F376A2FC8E0F900CBC499 /* CardStyles.swift */ = {isa = PBXFileReference; lastKnownFileType = sourcecode.swift; path = CardStyles.swift; sourceTree = "<group>"; };
		308F376B2FC8E0F900CBC499 /* CustomCells.swift */ = {isa = PBXFileReference; lastKnownFileType = sourcecode.swift; path = CustomCells.swift; sourceTree = "<group>"; };
		308F376C2FC8E0F900CBC499 /* VisualEffects.swift */ = {isa = PBXFileReference; lastKnownFileType = sourcecode.swift; path = VisualEffects.swift; sourceTree = "<group>"; };
		308F376E2FC8E0F900CBC499 /* ActivityCard.swift */ = {isa = PBXFileReference; lastKnownFileType = sourcecode.swift; path = ActivityCard.swift; sourceTree = "<group>"; };
		308F376F2FC8E0F900CBC499 /* AnimatedPlayBackground.swift */ = {isa = PBXFileReference; lastKnownFileType = sourcecode.swift; path = AnimatedPlayBackground.swift; sourceTree = "<group>"; };
		308F37702FC8E0F900CBC499 /* AppButton.swift */ = {isa = PBXFileReference; lastKnownFileType = sourcecode.swift; path = AppButton.swift; sourceTree = "<group>"; };
		308F37712FC8E0F900CBC499 /* BackgroundPatternView.swift */ = {isa = PBXFileReference; lastKnownFileType = sourcecode.swift; path = BackgroundPatternView.swift; sourceTree = "<group>"; };
		308F37722FC8E0F900CBC499 /* ComboCounterView.swift */ = {isa = PBXFileReference; lastKnownFileType = sourcecode.swift; path = ComboCounterView.swift; sourceTree = "<group>"; };
		308F37732FC8E0F900CBC499 /* CustomTabBar.swift */ = {isa = PBXFileReference; lastKnownFileType = sourcecode.swift; path = CustomTabBar.swift; sourceTree = "<group>"; };
		308F37742FC8E0F900CBC499 /* DailyChallengeCard.swift */ = {isa = PBXFileReference; lastKnownFileType = sourcecode.swift; path = DailyChallengeCard.swift; sourceTree = "<group>"; };
		308F37752FC8E0F900CBC499 /* InGameHintBar.swift */ = {isa = PBXFileReference; lastKnownFileType = sourcecode.swift; path = InGameHintBar.swift; sourceTree = "<group>"; };
		308F37762FC8E0F900CBC499 /* LevelMapView.swift */ = {isa = PBXFileReference; lastKnownFileType = sourcecode.swift; path = LevelMapView.swift; sourceTree = "<group>"; };
		308F37772FC8E0F900CBC499 /* StarRatingView.swift */ = {isa = PBXFileReference; lastKnownFileType = sourcecode.swift; path = StarRatingView.swift; sourceTree = "<group>"; };
		308F37782FC8E0F900CBC499 /* StreakCalendarView.swift */ = {isa = PBXFileReference; lastKnownFileType = sourcecode.swift; path = StreakCalendarView.swift; sourceTree = "<group>"; };
		308F377A2FC8E0F900CBC499 /* AchievementDefinition.swift */ = {isa = PBXFileReference; lastKnownFileType = sourcecode.swift; path = AchievementDefinition.swift; sourceTree = "<group>"; };
		308F377B2FC8E0F900CBC499 /* ActivityDefinition.swift */ = {isa = PBXFileReference; lastKnownFileType = sourcecode.swift; path = ActivityDefinition.swift; sourceTree = "<group>"; };
		308F377C2FC8E0F900CBC499 /* AppTheme.swift */ = {isa = PBXFileReference; lastKnownFileType = sourcecode.swift; path = AppTheme.swift; sourceTree = "<group>"; };
		308F377D2FC8E0F900CBC499 /* GameContent.swift */ = {isa = PBXFileReference; lastKnownFileType = sourcecode.swift; path = GameContent.swift; sourceTree = "<group>"; };
		308F377E2FC8E0F900CBC499 /* GameMode.swift */ = {isa = PBXFileReference; lastKnownFileType = sourcecode.swift; path = GameMode.swift; sourceTree = "<group>"; };
		308F377F2FC8E0F900CBC499 /* PersonalBestRecord.swift */ = {isa = PBXFileReference; lastKnownFileType = sourcecode.swift; path = PersonalBestRecord.swift; sourceTree = "<group>"; };
		308F37802FC8E0F900CBC499 /* TrackCatalog.swift */ = {isa = PBXFileReference; lastKnownFileType = sourcecode.swift; path = TrackCatalog.swift; sourceTree = "<group>"; };
		308F37822FC8E0F900CBC499 /* GameCenterManager.swift */ = {isa = PBXFileReference; lastKnownFileType = sourcecode.swift; path = GameCenterManager.swift; sourceTree = "<group>"; };
		308F37832FC8E0F900CBC499 /* HapticService.swift */ = {isa = PBXFileReference; lastKnownFileType = sourcecode.swift; path = HapticService.swift; sourceTree = "<group>"; };
		308F37842FC8E0F900CBC499 /* SoundService.swift */ = {isa = PBXFileReference; lastKnownFileType = sourcecode.swift; path = SoundService.swift; sourceTree = "<group>"; };
		308F37862FC8E0F900CBC499 /* AppStorage.swift */ = {isa = PBXFileReference; lastKnownFileType = sourcecode.swift; path = AppStorage.swift; sourceTree = "<group>"; };
		308F37882FC8E0F900CBC499 /* ActivityGameHost.swift */ = {isa = PBXFileReference; lastKnownFileType = sourcecode.swift; path = ActivityGameHost.swift; sourceTree = "<group>"; };
		308F37892FC8E0F900CBC499 /* ActivityHintProvider.swift */ = {isa = PBXFileReference; lastKnownFileType = sourcecode.swift; path = ActivityHintProvider.swift; sourceTree = "<group>"; };
		308F378A2FC8E0F900CBC499 /* AppLinks.swift */ = {isa = PBXFileReference; lastKnownFileType = sourcecode.swift; path = AppLinks.swift; sourceTree = "<group>"; };
		308F378B2FC8E0F900CBC499 /* DailyChallengeGenerator.swift */ = {isa = PBXFileReference; lastKnownFileType = sourcecode.swift; path = DailyChallengeGenerator.swift; sourceTree = "<group>"; };
		308F378C2FC8E0F900CBC499 /* GameSessionCoordinator.swift */ = {isa = PBXFileReference; lastKnownFileType = sourcecode.swift; path = GameSessionCoordinator.swift; sourceTree = "<group>"; };
		308F378D2FC8E0F900CBC499 /* Notifications.swift */ = {isa = PBXFileReference; lastKnownFileType = sourcecode.swift; path = Notifications.swift; sourceTree = "<group>"; };
		308F378E2FC8E0F900CBC499 /* StarCalculator.swift */ = {isa = PBXFileReference; lastKnownFileType = sourcecode.swift; path = StarCalculator.swift; sourceTree = "<group>"; };
		308F378F2FC8E0F900CBC499 /* WeeklyEventGenerator.swift */ = {isa = PBXFileReference; lastKnownFileType = sourcecode.swift; path = WeeklyEventGenerator.swift; sourceTree = "<group>"; };
		308F37922FC8E0F900CBC499 /* AchievementDetailView.swift */ = {isa = PBXFileReference; lastKnownFileType = sourcecode.swift; path = AchievementDetailView.swift; sourceTree = "<group>"; };
		308F37932FC8E0F900CBC499 /* AchievementsView.swift */ = {isa = PBXFileReference; lastKnownFileType = sourcecode.swift; path = AchievementsView.swift; sourceTree = "<group>"; };
		308F37952FC8E0F900CBC499 /* HarmonyPulseView.swift */ = {isa = PBXFileReference; lastKnownFileType = sourcecode.swift; path = HarmonyPulseView.swift; sourceTree = "<group>"; };
		308F37962FC8E0F900CBC499 /* HarmonyPulseViewModel.swift */ = {isa = PBXFileReference; lastKnownFileType = sourcecode.swift; path = HarmonyPulseViewModel.swift; sourceTree = "<group>"; };
		308F37982FC8E0F900CBC499 /* MelodyGlideView.swift */ = {isa = PBXFileReference; lastKnownFileType = sourcecode.swift; path = MelodyGlideView.swift; sourceTree = "<group>"; };
		308F37992FC8E0F900CBC499 /* MelodyGlideViewModel.swift */ = {isa = PBXFileReference; lastKnownFileType = sourcecode.swift; path = MelodyGlideViewModel.swift; sourceTree = "<group>"; };
		308F379B2FC8E0F900CBC499 /* MelodyHoldView.swift */ = {isa = PBXFileReference; lastKnownFileType = sourcecode.swift; path = MelodyHoldView.swift; sourceTree = "<group>"; };
		308F379C2FC8E0F900CBC499 /* MelodyHoldViewModel.swift */ = {isa = PBXFileReference; lastKnownFileType = sourcecode.swift; path = MelodyHoldViewModel.swift; sourceTree = "<group>"; };
		308F379E2FC8E0F900CBC499 /* TapSequenceView.swift */ = {isa = PBXFileReference; lastKnownFileType = sourcecode.swift; path = TapSequenceView.swift; sourceTree = "<group>"; };
		308F379F2FC8E0F900CBC499 /* TapSequenceViewModel.swift */ = {isa = PBXFileReference; lastKnownFileType = sourcecode.swift; path = TapSequenceViewModel.swift; sourceTree = "<group>"; };
		308F37A22FC8E0F900CBC499 /* CampaignMapView.swift */ = {isa = PBXFileReference; lastKnownFileType = sourcecode.swift; path = CampaignMapView.swift; sourceTree = "<group>"; };
		308F37A42FC8E0F900CBC499 /* ActivityArtworkView.swift */ = {isa = PBXFileReference; lastKnownFileType = sourcecode.swift; path = ActivityArtworkView.swift; sourceTree = "<group>"; };
		308F37A52FC8E0F900CBC499 /* HomeActivityShowcaseCard.swift */ = {isa = PBXFileReference; lastKnownFileType = sourcecode.swift; path = HomeActivityShowcaseCard.swift; sourceTree = "<group>"; };
		308F37A62FC8E0F900CBC499 /* HomeWidgets.swift */ = {isa = PBXFileReference; lastKnownFileType = sourcecode.swift; path = HomeWidgets.swift; sourceTree = "<group>"; };
		308F37A82FC8E0F900CBC499 /* HomeView.swift */ = {isa = PBXFileReference; lastKnownFileType = sourcecode.swift; path = HomeView.swift; sourceTree = "<group>"; };
		308F37AA2FC8E0F900CBC499 /* LevelSelectionView.swift */ = {isa = PBXFileReference; lastKnownFileType = sourcecode.swift; path = LevelSelectionView.swift; sourceTree = "<group>"; };
		308F37AC2FC8E0F900CBC499 /* MainTabView.swift */ = {isa = PBXFileReference; lastKnownFileType = sourcecode.swift; path = MainTabView.swift; sourceTree = "<group>"; };
		308F37AD2FC8E0F900CBC499 /* PlayTabView.swift */ = {isa = PBXFileReference; lastKnownFileType = sourcecode.swift; path = PlayTabView.swift; sourceTree = "<group>"; };
		308F37AF2FC8E0F900CBC499 /* DuelModeView.swift */ = {isa = PBXFileReference; lastKnownFileType = sourcecode.swift; path = DuelModeView.swift; sourceTree = "<group>"; };
		308F37B02FC8E0F900CBC499 /* EndlessModeView.swift */ = {isa = PBXFileReference; lastKnownFileType = sourcecode.swift; path = EndlessModeView.swift; sourceTree = "<group>"; };
		308F37B12FC8E0F900CBC499 /* ModesHubView.swift */ = {isa = PBXFileReference; lastKnownFileType = sourcecode.swift; path = ModesHubView.swift; sourceTree = "<group>"; };
		308F37B22FC8E0F900CBC499 /* PatternEditorView.swift */ = {isa = PBXFileReference; lastKnownFileType = sourcecode.swift; path = PatternEditorView.swift; sourceTree = "<group>"; };
		308F37B32FC8E0F900CBC499 /* WeeklyEventView.swift */ = {isa = PBXFileReference; lastKnownFileType = sourcecode.swift; path = WeeklyEventView.swift; sourceTree = "<group>"; };
		308F37B52FC8E0F900CBC499 /* OnboardingView.swift */ = {isa = PBXFileReference; lastKnownFileType = sourcecode.swift; path = OnboardingView.swift; sourceTree = "<group>"; };
		308F37B72FC8E0F900CBC499 /* GameResultView.swift */ = {isa = PBXFileReference; lastKnownFileType = sourcecode.swift; path = GameResultView.swift; sourceTree = "<group>"; };
		308F37B92FC8E0F900CBC499 /* PrivacyPolicyView.swift */ = {isa = PBXFileReference; lastKnownFileType = sourcecode.swift; path = PrivacyPolicyView.swift; sourceTree = "<group>"; };
		308F37BA2FC8E0F900CBC499 /* SettingsView.swift */ = {isa = PBXFileReference; lastKnownFileType = sourcecode.swift; path = SettingsView.swift; sourceTree = "<group>"; };
		308F37BC2FC8E0F900CBC499 /* SpeedRunView.swift */ = {isa = PBXFileReference; lastKnownFileType = sourcecode.swift; path = SpeedRunView.swift; sourceTree = "<group>"; };
		308F37BE2FC8E0F900CBC499 /* TrackLibraryView.swift */ = {isa = PBXFileReference; lastKnownFileType = sourcecode.swift; path = TrackLibraryView.swift; sourceTree = "<group>"; };
		308F37C02FC8E0F900CBC499 /* ActivityTutorialView.swift */ = {isa = PBXFileReference; lastKnownFileType = sourcecode.swift; path = ActivityTutorialView.swift; sourceTree = "<group>"; };
		308F37C32FC8E0F900CBC499 /* AppDelegate.swift */ = {isa = PBXFileReference; lastKnownFileType = sourcecode.swift; path = AppDelegate.swift; sourceTree = "<group>"; };
		308F37C42FC8E0F900CBC499 /* Assets.xcassets */ = {isa = PBXFileReference; lastKnownFileType = folder.assetcatalog; path = Assets.xcassets; sourceTree = "<group>"; };
		308F37C52FC8E0F900CBC499 /* ContentView.swift */ = {isa = PBXFileReference; lastKnownFileType = sourcecode.swift; path = ContentView.swift; sourceTree = "<group>"; };
		308F37C62FC8E0F900CBC499 /* Info.plist */ = {isa = PBXFileReference; lastKnownFileType = text.plist.xml; path = Info.plist; sourceTree = "<group>"; };
		308F37C72FC8E0F900CBC499 /* Base */ = {isa = PBXFileReference; lastKnownFileType = file.storyboard; name = Base; path = Base.lproj/LaunchScreen.storyboard; sourceTree = "<group>"; };
		308F37C92FC8E0F900CBC499 /* Base */ = {isa = PBXFileReference; lastKnownFileType = file.storyboard; name = Base; path = Base.lproj/Main.storyboard; sourceTree = "<group>"; };
		308F37CB2FC8E0F900CBC499 /* privacy_policy.md */ = {isa = PBXFileReference; lastKnownFileType = net.daringfireball.markdown; path = privacy_policy.md; sourceTree = "<group>"; };
		308F37CC2FC8E0F900CBC499 /* SceneDelegate.swift */ = {isa = PBXFileReference; lastKnownFileType = sourcecode.swift; path = SceneDelegate.swift; sourceTree = "<group>"; };
		308F37CD2FC8E0F900CBC499 /* ViewController.swift */ = {isa = PBXFileReference; lastKnownFileType = sourcecode.swift; path = ViewController.swift; sourceTree = "<group>"; };
		30EB7EEE2FC2F6CB0016E897 /* 184ClearviaSmartSpace.app */ = {isa = PBXFileReference; explicitFileType = wrapper.application; includeInIndex = 0; path = 184ClearviaSmartSpace.app; sourceTree = BUILT_PRODUCTS_DIR; };
		77908363CFA9AA401E4C3DCC /* Pods-184ClearviaSmartSpace.debug.xcconfig */ = {isa = PBXFileReference; includeInIndex = 1; lastKnownFileType = text.xcconfig; name = "Pods-184ClearviaSmartSpace.debug.xcconfig"; path = "Target Support Files/Pods-184ClearviaSmartSpace/Pods-184ClearviaSmartSpace.debug.xcconfig"; sourceTree = "<group>"; };
		9B1F19ADD8A3AF1012B258E6 /* Pods_184ClearviaSmartSpace.framework */ = {isa = PBXFileReference; explicitFileType = wrapper.framework; includeInIndex = 0; path = Pods_184ClearviaSmartSpace.framework; sourceTree = BUILT_PRODUCTS_DIR; };
		E8347B6746A0BDC2A25739B6 /* Pods-184ClearviaSmartSpace.release.xcconfig */ = {isa = PBXFileReference; includeInIndex = 1; lastKnownFileType = text.xcconfig; name = "Pods-184ClearviaSmartSpace.release.xcconfig"; path = "Target Support Files/Pods-184ClearviaSmartSpace/Pods-184ClearviaSmartSpace.release.xcconfig"; sourceTree = "<group>"; };
/* End PBXFileReference section */

/* Begin PBXFrameworksBuildPhase section */
		30EB7EEB2FC2F6CB0016E897 /* Frameworks */ = {
			isa = PBXFrameworksBuildPhase;
			buildActionMask = 2147483647;
			files = (
			);
			runOnlyForDeploymentPostprocessing = 0;
		};
/* End PBXFrameworksBuildPhase section */

/* Begin PBXGroup section */
		0B95487C35CB6F62A324A32B /* Frameworks */ = {
			isa = PBXGroup;
			children = (
				9B1F19ADD8A3AF1012B258E6 /* Pods_184ClearviaSmartSpace.framework */,
			);
			name = Frameworks;
			sourceTree = "<group>";
		};
		308F376D2FC8E0F900CBC499 /* DesignSystem */ = {
			isa = PBXGroup;
			children = (
				308F376A2FC8E0F900CBC499 /* CardStyles.swift */,
				308F376B2FC8E0F900CBC499 /* CustomCells.swift */,
				308F376C2FC8E0F900CBC499 /* VisualEffects.swift */,
			);
			path = DesignSystem;
			sourceTree = "<group>";
		};
		308F37792FC8E0F900CBC499 /* Components */ = {
			isa = PBXGroup;
			children = (
				308F376D2FC8E0F900CBC499 /* DesignSystem */,
				308F376E2FC8E0F900CBC499 /* ActivityCard.swift */,
				308F376F2FC8E0F900CBC499 /* AnimatedPlayBackground.swift */,
				308F37702FC8E0F900CBC499 /* AppButton.swift */,
				308F37712FC8E0F900CBC499 /* BackgroundPatternView.swift */,
				308F37722FC8E0F900CBC499 /* ComboCounterView.swift */,
				308F37732FC8E0F900CBC499 /* CustomTabBar.swift */,
				308F37742FC8E0F900CBC499 /* DailyChallengeCard.swift */,
				308F37752FC8E0F900CBC499 /* InGameHintBar.swift */,
				308F37762FC8E0F900CBC499 /* LevelMapView.swift */,
				308F37772FC8E0F900CBC499 /* StarRatingView.swift */,
				308F37782FC8E0F900CBC499 /* StreakCalendarView.swift */,
			);
			path = Components;
			sourceTree = "<group>";
		};
		308F37812FC8E0F900CBC499 /* Models */ = {
			isa = PBXGroup;
			children = (
				308F377A2FC8E0F900CBC499 /* AchievementDefinition.swift */,
				308F377B2FC8E0F900CBC499 /* ActivityDefinition.swift */,
				308F377C2FC8E0F900CBC499 /* AppTheme.swift */,
				308F377D2FC8E0F900CBC499 /* GameContent.swift */,
				308F377E2FC8E0F900CBC499 /* GameMode.swift */,
				308F377F2FC8E0F900CBC499 /* PersonalBestRecord.swift */,
				308F37802FC8E0F900CBC499 /* TrackCatalog.swift */,
			);
			path = Models;
			sourceTree = "<group>";
		};
		308F37852FC8E0F900CBC499 /* Services */ = {
			isa = PBXGroup;
			children = (
				308F37822FC8E0F900CBC499 /* GameCenterManager.swift */,
				308F37832FC8E0F900CBC499 /* HapticService.swift */,
				308F37842FC8E0F900CBC499 /* SoundService.swift */,
			);
			path = Services;
			sourceTree = "<group>";
		};
		308F37872FC8E0F900CBC499 /* Storage */ = {
			isa = PBXGroup;
			children = (
				308F37862FC8E0F900CBC499 /* AppStorage.swift */,
			);
			path = Storage;
			sourceTree = "<group>";
		};
		308F37902FC8E0F900CBC499 /* Utilities */ = {
			isa = PBXGroup;
			children = (
				308F37882FC8E0F900CBC499 /* ActivityGameHost.swift */,
				308F37892FC8E0F900CBC499 /* ActivityHintProvider.swift */,
				308F378A2FC8E0F900CBC499 /* AppLinks.swift */,
				308F378B2FC8E0F900CBC499 /* DailyChallengeGenerator.swift */,
				308F378C2FC8E0F900CBC499 /* GameSessionCoordinator.swift */,
				308F378D2FC8E0F900CBC499 /* Notifications.swift */,
				308F378E2FC8E0F900CBC499 /* StarCalculator.swift */,
				308F378F2FC8E0F900CBC499 /* WeeklyEventGenerator.swift */,
			);
			path = Utilities;
			sourceTree = "<group>";
		};
		308F37912FC8E0F900CBC499 /* Core */ = {
			isa = PBXGroup;
			children = (
				308F37812FC8E0F900CBC499 /* Models */,
				308F37852FC8E0F900CBC499 /* Services */,
				308F37872FC8E0F900CBC499 /* Storage */,
				308F37902FC8E0F900CBC499 /* Utilities */,
			);
			path = Core;
			sourceTree = "<group>";
		};
		308F37942FC8E0F900CBC499 /* Achievements */ = {
			isa = PBXGroup;
			children = (
				308F37922FC8E0F900CBC499 /* AchievementDetailView.swift */,
				308F37932FC8E0F900CBC499 /* AchievementsView.swift */,
			);
			path = Achievements;
			sourceTree = "<group>";
		};
		308F37972FC8E0F900CBC499 /* HarmonyPulse */ = {
			isa = PBXGroup;
			children = (
				308F37952FC8E0F900CBC499 /* HarmonyPulseView.swift */,
				308F37962FC8E0F900CBC499 /* HarmonyPulseViewModel.swift */,
			);
			path = HarmonyPulse;
			sourceTree = "<group>";
		};
		308F379A2FC8E0F900CBC499 /* MelodyGlide */ = {
			isa = PBXGroup;
			children = (
				308F37982FC8E0F900CBC499 /* MelodyGlideView.swift */,
				308F37992FC8E0F900CBC499 /* MelodyGlideViewModel.swift */,
			);
			path = MelodyGlide;
			sourceTree = "<group>";
		};
		308F379D2FC8E0F900CBC499 /* MelodyHold */ = {
			isa = PBXGroup;
			children = (
				308F379B2FC8E0F900CBC499 /* MelodyHoldView.swift */,
				308F379C2FC8E0F900CBC499 /* MelodyHoldViewModel.swift */,
			);
			path = MelodyHold;
			sourceTree = "<group>";
		};
		308F37A02FC8E0F900CBC499 /* TapSequence */ = {
			isa = PBXGroup;
			children = (
				308F379E2FC8E0F900CBC499 /* TapSequenceView.swift */,
				308F379F2FC8E0F900CBC499 /* TapSequenceViewModel.swift */,
			);
			path = TapSequence;
			sourceTree = "<group>";
		};
		308F37A12FC8E0F900CBC499 /* Activities */ = {
			isa = PBXGroup;
			children = (
				308F37972FC8E0F900CBC499 /* HarmonyPulse */,
				308F379A2FC8E0F900CBC499 /* MelodyGlide */,
				308F379D2FC8E0F900CBC499 /* MelodyHold */,
				308F37A02FC8E0F900CBC499 /* TapSequence */,
			);
			path = Activities;
			sourceTree = "<group>";
		};
		308F37A32FC8E0F900CBC499 /* Campaign */ = {
			isa = PBXGroup;
			children = (
				308F37A22FC8E0F900CBC499 /* CampaignMapView.swift */,
			);
			path = Campaign;
			sourceTree = "<group>";
		};
		308F37A72FC8E0F900CBC499 /* Widgets */ = {
			isa = PBXGroup;
			children = (
				308F37A42FC8E0F900CBC499 /* ActivityArtworkView.swift */,
				308F37A52FC8E0F900CBC499 /* HomeActivityShowcaseCard.swift */,
				308F37A62FC8E0F900CBC499 /* HomeWidgets.swift */,
			);
			path = Widgets;
			sourceTree = "<group>";
		};
		308F37A92FC8E0F900CBC499 /* Home */ = {
			isa = PBXGroup;
			children = (
				308F37A72FC8E0F900CBC499 /* Widgets */,
				308F37A82FC8E0F900CBC499 /* HomeView.swift */,
			);
			path = Home;
			sourceTree = "<group>";
		};
		308F37AB2FC8E0F900CBC499 /* LevelSelection */ = {
			isa = PBXGroup;
			children = (
				308F37AA2FC8E0F900CBC499 /* LevelSelectionView.swift */,
			);
			path = LevelSelection;
			sourceTree = "<group>";
		};
		308F37AE2FC8E0F900CBC499 /* Main */ = {
			isa = PBXGroup;
			children = (
				308F37AC2FC8E0F900CBC499 /* MainTabView.swift */,
				308F37AD2FC8E0F900CBC499 /* PlayTabView.swift */,
			);
			path = Main;
			sourceTree = "<group>";
		};
		308F37B42FC8E0F900CBC499 /* Modes */ = {
			isa = PBXGroup;
			children = (
				308F37AF2FC8E0F900CBC499 /* DuelModeView.swift */,
				308F37B02FC8E0F900CBC499 /* EndlessModeView.swift */,
				308F37B12FC8E0F900CBC499 /* ModesHubView.swift */,
				308F37B22FC8E0F900CBC499 /* PatternEditorView.swift */,
				308F37B32FC8E0F900CBC499 /* WeeklyEventView.swift */,
			);
			path = Modes;
			sourceTree = "<group>";
		};
		308F37B62FC8E0F900CBC499 /* Onboarding */ = {
			isa = PBXGroup;
			children = (
				308F37B52FC8E0F900CBC499 /* OnboardingView.swift */,
			);
			path = Onboarding;
			sourceTree = "<group>";
		};
		308F37B82FC8E0F900CBC499 /* Results */ = {
			isa = PBXGroup;
			children = (
				308F37B72FC8E0F900CBC499 /* GameResultView.swift */,
			);
			path = Results;
			sourceTree = "<group>";
		};
		308F37BB2FC8E0F900CBC499 /* Settings */ = {
			isa = PBXGroup;
			children = (
				308F37B92FC8E0F900CBC499 /* PrivacyPolicyView.swift */,
				308F37BA2FC8E0F900CBC499 /* SettingsView.swift */,
			);
			path = Settings;
			sourceTree = "<group>";
		};
		308F37BD2FC8E0F900CBC499 /* SpeedRun */ = {
			isa = PBXGroup;
			children = (
				308F37BC2FC8E0F900CBC499 /* SpeedRunView.swift */,
			);
			path = SpeedRun;
			sourceTree = "<group>";
		};
		308F37BF2FC8E0F900CBC499 /* Tracks */ = {
			isa = PBXGroup;
			children = (
				308F37BE2FC8E0F900CBC499 /* TrackLibraryView.swift */,
			);
			path = Tracks;
			sourceTree = "<group>";
		};
		308F37C12FC8E0F900CBC499 /* Tutorial */ = {
			isa = PBXGroup;
			children = (
				308F37C02FC8E0F900CBC499 /* ActivityTutorialView.swift */,
			);
			path = Tutorial;
			sourceTree = "<group>";
		};
		308F37C22FC8E0F900CBC499 /* Features */ = {
			isa = PBXGroup;
			children = (
				308F37942FC8E0F900CBC499 /* Achievements */,
				308F37A12FC8E0F900CBC499 /* Activities */,
				308F37A32FC8E0F900CBC499 /* Campaign */,
				308F37A92FC8E0F900CBC499 /* Home */,
				308F37AB2FC8E0F900CBC499 /* LevelSelection */,
				308F37AE2FC8E0F900CBC499 /* Main */,
				308F37B42FC8E0F900CBC499 /* Modes */,
				308F37B62FC8E0F900CBC499 /* Onboarding */,
				308F37B82FC8E0F900CBC499 /* Results */,
				308F37BB2FC8E0F900CBC499 /* Settings */,
				308F37BD2FC8E0F900CBC499 /* SpeedRun */,
				308F37BF2FC8E0F900CBC499 /* Tracks */,
				308F37C12FC8E0F900CBC499 /* Tutorial */,
			);
			path = Features;
			sourceTree = "<group>";
		};
		308F37CE2FC8E0F900CBC499 /* 184ClearviaSmartSpace */ = {
			isa = PBXGroup;
			children = (
				308F37792FC8E0F900CBC499 /* Components */,
				308F37912FC8E0F900CBC499 /* Core */,
				308F37C22FC8E0F900CBC499 /* Features */,
				308F37C32FC8E0F900CBC499 /* AppDelegate.swift */,
				308F37C42FC8E0F900CBC499 /* Assets.xcassets */,
				308F37C52FC8E0F900CBC499 /* ContentView.swift */,
				308F37C62FC8E0F900CBC499 /* Info.plist */,
				308F37C82FC8E0F900CBC499 /* LaunchScreen.storyboard */,
				308F37CA2FC8E0F900CBC499 /* Main.storyboard */,
				308F37CB2FC8E0F900CBC499 /* privacy_policy.md */,
				308F37CC2FC8E0F900CBC499 /* SceneDelegate.swift */,
				308F37CD2FC8E0F900CBC499 /* ViewController.swift */,
			);
			path = 184ClearviaSmartSpace;
			sourceTree = "<group>";
		};
		30EB7EE52FC2F6CB0016E897 = {
			isa = PBXGroup;
			children = (
				308F37CE2FC8E0F900CBC499 /* 184ClearviaSmartSpace */,
				30EB7EEF2FC2F6CB0016E897 /* Products */,
				E735C9F9A50FD7BA6415EEB2 /* Pods */,
				0B95487C35CB6F62A324A32B /* Frameworks */,
			);
			sourceTree = "<group>";
		};
		30EB7EEF2FC2F6CB0016E897 /* Products */ = {
			isa = PBXGroup;
			children = (
				30EB7EEE2FC2F6CB0016E897 /* 184ClearviaSmartSpace.app */,
			);
			name = Products;
			sourceTree = "<group>";
		};
		E735C9F9A50FD7BA6415EEB2 /* Pods */ = {
			isa = PBXGroup;
			children = (
				77908363CFA9AA401E4C3DCC /* Pods-184ClearviaSmartSpace.debug.xcconfig */,
				E8347B6746A0BDC2A25739B6 /* Pods-184ClearviaSmartSpace.release.xcconfig */,
			);
			path = Pods;
			sourceTree = "<group>";
		};
/* End PBXGroup section */

/* Begin PBXNativeTarget section */
		30EB7EED2FC2F6CB0016E897 /* 184ClearviaSmartSpace */ = {
			isa = PBXNativeTarget;
			buildConfigurationList = 30EB7F012FC2F6CD0016E897 /* Build configuration list for PBXNativeTarget "184ClearviaSmartSpace" */;
			buildPhases = (
				310DAF19CE0DEC68E5A6FDE1 /* [CP] Check Pods Manifest.lock */,
				30EB7EEA2FC2F6CB0016E897 /* Sources */,
				30EB7EEB2FC2F6CB0016E897 /* Frameworks */,
				30EB7EEC2FC2F6CB0016E897 /* Resources */,
			);
			buildRules = (
			);
			dependencies = (
			);
			name = 184ClearviaSmartSpace;
			productName = 184ClearviaSmartSpace;
			productReference = 30EB7EEE2FC2F6CB0016E897 /* 184ClearviaSmartSpace.app */;
			productType = "com.apple.product-type.application";
		};
/* End PBXNativeTarget section */

/* Begin PBXProject section */
		30EB7EE62FC2F6CB0016E897 /* Project object */ = {
			isa = PBXProject;
			attributes = {
				BuildIndependentTargetsInParallel = 1;
				LastSwiftUpdateCheck = 2640;
				LastUpgradeCheck = 2640;
				TargetAttributes = {
					30EB7EED2FC2F6CB0016E897 = {
						CreatedOnToolsVersion = 26.4.1;
					};
				};
			};
			buildConfigurationList = 30EB7EE92FC2F6CB0016E897 /* Build configuration list for PBXProject "184ClearviaSmartSpace" */;
			compatibilityVersion = "Xcode 15.0";
			developmentRegion = en;
			hasScannedForEncodings = 0;
			knownRegions = (
				en,
				Base,
			);
			mainGroup = 30EB7EE52FC2F6CB0016E897;
			productRefGroup = 30EB7EEF2FC2F6CB0016E897 /* Products */;
			projectDirPath = "";
			projectRoot = "";
			targets = (
				30EB7EED2FC2F6CB0016E897 /* 184ClearviaSmartSpace */,
			);
		};
/* End PBXProject section */

/* Begin PBXResourcesBuildPhase section */
		30EB7EEC2FC2F6CB0016E897 /* Resources */ = {
			isa = PBXResourcesBuildPhase;
			buildActionMask = 2147483647;
			files = (
				308F37CF2FC8E0F900CBC499 /* Assets.xcassets in Resources */,
				308F37D12FC8E0F900CBC499 /* LaunchScreen.storyboard in Resources */,
				308F37D22FC8E0F900CBC499 /* Main.storyboard in Resources */,
				308F37D32FC8E0F900CBC499 /* privacy_policy.md in Resources */,
			);
			runOnlyForDeploymentPostprocessing = 0;
		};
/* End PBXResourcesBuildPhase section */

/* Begin PBXShellScriptBuildPhase section */
		310DAF19CE0DEC68E5A6FDE1 /* [CP] Check Pods Manifest.lock */ = {
			isa = PBXShellScriptBuildPhase;
			buildActionMask = 2147483647;
			files = (
			);
			inputFileListPaths = (
			);
			inputPaths = (
				"${PODS_PODFILE_DIR_PATH}/Podfile.lock",
				"${PODS_ROOT}/Manifest.lock",
			);
			name = "[CP] Check Pods Manifest.lock";
			outputFileListPaths = (
			);
			outputPaths = (
				"$(DERIVED_FILE_DIR)/Pods-184ClearviaSmartSpace-checkManifestLockResult.txt",
			);
			runOnlyForDeploymentPostprocessing = 0;
			shellPath = /bin/sh;
			shellScript = "diff \"${PODS_PODFILE_DIR_PATH}/Podfile.lock\" \"${PODS_ROOT}/Manifest.lock\" > /dev/null\nif [ $? != 0 ] ; then\n    # print error to STDERR\n    echo \"error: The sandbox is not in sync with the Podfile.lock. Run 'pod install' or update your CocoaPods installation.\" >&2\n    exit 1\nfi\n# This output is used by Xcode 'outputs' to avoid re-running this script phase.\necho \"SUCCESS\" > \"${SCRIPT_OUTPUT_FILE_0}\"\n";
			showEnvVarsInLog = 0;
		};
/* End PBXShellScriptBuildPhase section */

/* Begin PBXSourcesBuildPhase section */
		30EB7EEA2FC2F6CB0016E897 /* Sources */ = {
			isa = PBXSourcesBuildPhase;
			buildActionMask = 2147483647;
			files = (
				308F37D42FC8E0F900CBC499 /* CardStyles.swift in Sources */,
				308F37D52FC8E0F900CBC499 /* CustomCells.swift in Sources */,
				308F37D62FC8E0F900CBC499 /* VisualEffects.swift in Sources */,
				308F37D72FC8E0F900CBC499 /* ActivityCard.swift in Sources */,
				308F37D82FC8E0F900CBC499 /* AnimatedPlayBackground.swift in Sources */,
				308F37D92FC8E0F900CBC499 /* AppButton.swift in Sources */,
				308F37DA2FC8E0F900CBC499 /* BackgroundPatternView.swift in Sources */,
				308F37DB2FC8E0F900CBC499 /* ComboCounterView.swift in Sources */,
				308F37DC2FC8E0F900CBC499 /* CustomTabBar.swift in Sources */,
				308F37DD2FC8E0F900CBC499 /* DailyChallengeCard.swift in Sources */,
				308F37DE2FC8E0F900CBC499 /* InGameHintBar.swift in Sources */,
				308F37DF2FC8E0F900CBC499 /* LevelMapView.swift in Sources */,
				308F37E02FC8E0F900CBC499 /* StarRatingView.swift in Sources */,
				308F37E12FC8E0F900CBC499 /* StreakCalendarView.swift in Sources */,
				308F37E22FC8E0F900CBC499 /* AchievementDefinition.swift in Sources */,
				308F37E32FC8E0F900CBC499 /* ActivityDefinition.swift in Sources */,
				308F37E42FC8E0F900CBC499 /* AppTheme.swift in Sources */,
				308F37E52FC8E0F900CBC499 /* GameContent.swift in Sources */,
				308F37E62FC8E0F900CBC499 /* GameMode.swift in Sources */,
				308F37E72FC8E0F900CBC499 /* PersonalBestRecord.swift in Sources */,
				308F37E82FC8E0F900CBC499 /* TrackCatalog.swift in Sources */,
				308F37E92FC8E0F900CBC499 /* GameCenterManager.swift in Sources */,
				308F37EA2FC8E0F900CBC499 /* HapticService.swift in Sources */,
				308F37EB2FC8E0F900CBC499 /* SoundService.swift in Sources */,
				308F37EC2FC8E0F900CBC499 /* AppStorage.swift in Sources */,
				308F37ED2FC8E0F900CBC499 /* ActivityGameHost.swift in Sources */,
				308F37EE2FC8E0F900CBC499 /* ActivityHintProvider.swift in Sources */,
				308F37EF2FC8E0F900CBC499 /* AppLinks.swift in Sources */,
				308F37F02FC8E0F900CBC499 /* DailyChallengeGenerator.swift in Sources */,
				308F37F12FC8E0F900CBC499 /* GameSessionCoordinator.swift in Sources */,
				308F37F22FC8E0F900CBC499 /* Notifications.swift in Sources */,
				308F37F32FC8E0F900CBC499 /* StarCalculator.swift in Sources */,
				308F37F42FC8E0F900CBC499 /* WeeklyEventGenerator.swift in Sources */,
				308F37F52FC8E0F900CBC499 /* AchievementDetailView.swift in Sources */,
				308F37F62FC8E0F900CBC499 /* AchievementsView.swift in Sources */,
				308F37F72FC8E0F900CBC499 /* HarmonyPulseView.swift in Sources */,
				308F37F82FC8E0F900CBC499 /* HarmonyPulseViewModel.swift in Sources */,
				308F37F92FC8E0F900CBC499 /* MelodyGlideView.swift in Sources */,
				308F37FA2FC8E0F900CBC499 /* MelodyGlideViewModel.swift in Sources */,
				308F37FB2FC8E0F900CBC499 /* MelodyHoldView.swift in Sources */,
				308F37FC2FC8E0F900CBC499 /* MelodyHoldViewModel.swift in Sources */,
				308F37FD2FC8E0F900CBC499 /* TapSequenceView.swift in Sources */,
				308F37FE2FC8E0F900CBC499 /* TapSequenceViewModel.swift in Sources */,
				308F37FF2FC8E0F900CBC499 /* CampaignMapView.swift in Sources */,
				308F38002FC8E0F900CBC499 /* ActivityArtworkView.swift in Sources */,
				308F38012FC8E0F900CBC499 /* HomeActivityShowcaseCard.swift in Sources */,
				308F38022FC8E0F900CBC499 /* HomeWidgets.swift in Sources */,
				308F38032FC8E0F900CBC499 /* HomeView.swift in Sources */,
				308F38042FC8E0F900CBC499 /* LevelSelectionView.swift in Sources */,
				308F38052FC8E0F900CBC499 /* MainTabView.swift in Sources */,
				308F38062FC8E0F900CBC499 /* PlayTabView.swift in Sources */,
				308F38072FC8E0F900CBC499 /* DuelModeView.swift in Sources */,
				308F38082FC8E0F900CBC499 /* EndlessModeView.swift in Sources */,
				308F38092FC8E0F900CBC499 /* ModesHubView.swift in Sources */,
				308F380A2FC8E0F900CBC499 /* PatternEditorView.swift in Sources */,
				308F380B2FC8E0F900CBC499 /* WeeklyEventView.swift in Sources */,
				308F380C2FC8E0F900CBC499 /* OnboardingView.swift in Sources */,
				308F380D2FC8E0F900CBC499 /* GameResultView.swift in Sources */,
				308F380E2FC8E0F900CBC499 /* PrivacyPolicyView.swift in Sources */,
				308F380F2FC8E0F900CBC499 /* SettingsView.swift in Sources */,
				308F38102FC8E0F900CBC499 /* SpeedRunView.swift in Sources */,
				308F38112FC8E0F900CBC499 /* TrackLibraryView.swift in Sources */,
				308F38122FC8E0F900CBC499 /* ActivityTutorialView.swift in Sources */,
				308F38132FC8E0F900CBC499 /* AppDelegate.swift in Sources */,
				308F38142FC8E0F900CBC499 /* ContentView.swift in Sources */,
				308F38152FC8E0F900CBC499 /* SceneDelegate.swift in Sources */,
				308F38162FC8E0F900CBC499 /* ViewController.swift in Sources */,
			);
			runOnlyForDeploymentPostprocessing = 0;
		};
/* End PBXSourcesBuildPhase section */

/* Begin PBXVariantGroup section */
		308F37C82FC8E0F900CBC499 /* LaunchScreen.storyboard */ = {
			isa = PBXVariantGroup;
			children = (
				308F37C72FC8E0F900CBC499 /* Base */,
			);
			name = LaunchScreen.storyboard;
			sourceTree = "<group>";
		};
		308F37CA2FC8E0F900CBC499 /* Main.storyboard */ = {
			isa = PBXVariantGroup;
			children = (
				308F37C92FC8E0F900CBC499 /* Base */,
			);
			name = Main.storyboard;
			sourceTree = "<group>";
		};
/* End PBXVariantGroup section */

/* Begin XCBuildConfiguration section */
		30EB7F022FC2F6CD0016E897 /* Debug */ = {
			isa = XCBuildConfiguration;
			baseConfigurationReference = 77908363CFA9AA401E4C3DCC /* Pods-184ClearviaSmartSpace.debug.xcconfig */;
			buildSettings = {
				ASSETCATALOG_COMPILER_APPICON_NAME = AppIcon;
				ASSETCATALOG_COMPILER_GLOBAL_ACCENT_COLOR_NAME = AccentColor;
				CODE_SIGN_STYLE = Automatic;
				CURRENT_PROJECT_VERSION = 2;
				GENERATE_INFOPLIST_FILE = YES;
				INFOPLIST_FILE = 184ClearviaSmartSpace/Info.plist;
				INFOPLIST_KEY_CFBundleDisplayName = "Clearvia Smart Space";
				INFOPLIST_KEY_ITSAppUsesNonExemptEncryption = NO;
				INFOPLIST_KEY_LSApplicationCategoryType = "public.app-category.puzzle-games";
				INFOPLIST_KEY_UIApplicationSupportsIndirectInputEvents = YES;
				INFOPLIST_KEY_UILaunchStoryboardName = LaunchScreen;
				INFOPLIST_KEY_UIMainStoryboardFile = Main;
				INFOPLIST_KEY_UIStatusBarStyle = UIStatusBarStyleLightContent;
				INFOPLIST_KEY_UISupportedInterfaceOrientations_iPad = "UIInterfaceOrientationPortrait UIInterfaceOrientationPortraitUpsideDown UIInterfaceOrientationLandscapeLeft UIInterfaceOrientationLandscapeRight";
				INFOPLIST_KEY_UISupportedInterfaceOrientations_iPhone = "UIInterfaceOrientationPortrait UIInterfaceOrientationLandscapeLeft UIInterfaceOrientationLandscapeRight";
				IPHONEOS_DEPLOYMENT_TARGET = 17;
				LD_RUNPATH_SEARCH_PATHS = (
					"$(inherited)",
					"@executable_path/Frameworks",
				);
				MARKETING_VERSION = 1.0;
				PRODUCT_BUNDLE_IDENTIFIER = com.kel.cl35rv15sm5rtsp5;
				PRODUCT_NAME = "$(TARGET_NAME)";
				STRING_CATALOG_GENERATE_SYMBOLS = YES;
				SUPPORTED_PLATFORMS = "iphoneos iphonesimulator";
				SUPPORTS_MACCATALYST = NO;
				SUPPORTS_MAC_DESIGNED_FOR_IPHONE_IPAD = NO;
				SUPPORTS_XR_DESIGNED_FOR_IPHONE_IPAD = NO;
				SWIFT_APPROACHABLE_CONCURRENCY = YES;
				SWIFT_DEFAULT_ACTOR_ISOLATION = MainActor;
				SWIFT_EMIT_LOC_STRINGS = YES;
				SWIFT_UPCOMING_FEATURE_MEMBER_IMPORT_VISIBILITY = YES;
				SWIFT_VERSION = 5.0;
				TARGETED_DEVICE_FAMILY = 1;
			};
			name = Debug;
		};
		30EB7F032FC2F6CD0016E897 /* Release */ = {
			isa = XCBuildConfiguration;
			baseConfigurationReference = E8347B6746A0BDC2A25739B6 /* Pods-184ClearviaSmartSpace.release.xcconfig */;
			buildSettings = {
				ASSETCATALOG_COMPILER_APPICON_NAME = AppIcon;
				ASSETCATALOG_COMPILER_GLOBAL_ACCENT_COLOR_NAME = AccentColor;
				CODE_SIGN_STYLE = Automatic;
				CURRENT_PROJECT_VERSION = 2;
				GENERATE_INFOPLIST_FILE = YES;
				INFOPLIST_FILE = 184ClearviaSmartSpace/Info.plist;
				INFOPLIST_KEY_CFBundleDisplayName = "Clearvia Smart Space";
				INFOPLIST_KEY_ITSAppUsesNonExemptEncryption = NO;
				INFOPLIST_KEY_LSApplicationCategoryType = "public.app-category.puzzle-games";
				INFOPLIST_KEY_UIApplicationSupportsIndirectInputEvents = YES;
				INFOPLIST_KEY_UILaunchStoryboardName = LaunchScreen;
				INFOPLIST_KEY_UIMainStoryboardFile = Main;
				INFOPLIST_KEY_UIStatusBarStyle = UIStatusBarStyleLightContent;
				INFOPLIST_KEY_UISupportedInterfaceOrientations_iPad = "UIInterfaceOrientationPortrait UIInterfaceOrientationPortraitUpsideDown UIInterfaceOrientationLandscapeLeft UIInterfaceOrientationLandscapeRight";
				INFOPLIST_KEY_UISupportedInterfaceOrientations_iPhone = "UIInterfaceOrientationPortrait UIInterfaceOrientationLandscapeLeft UIInterfaceOrientationLandscapeRight";
				IPHONEOS_DEPLOYMENT_TARGET = 17;
				LD_RUNPATH_SEARCH_PATHS = (
					"$(inherited)",
					"@executable_path/Frameworks",
				);
				MARKETING_VERSION = 1.0;
				PRODUCT_BUNDLE_IDENTIFIER = com.kel.cl35rv15sm5rtsp5;
				PRODUCT_NAME = "$(TARGET_NAME)";
				STRING_CATALOG_GENERATE_SYMBOLS = YES;
				SUPPORTED_PLATFORMS = "iphoneos iphonesimulator";
				SUPPORTS_MACCATALYST = NO;
				SUPPORTS_MAC_DESIGNED_FOR_IPHONE_IPAD = NO;
				SUPPORTS_XR_DESIGNED_FOR_IPHONE_IPAD = NO;
				SWIFT_APPROACHABLE_CONCURRENCY = YES;
				SWIFT_DEFAULT_ACTOR_ISOLATION = MainActor;
				SWIFT_EMIT_LOC_STRINGS = YES;
				SWIFT_UPCOMING_FEATURE_MEMBER_IMPORT_VISIBILITY = YES;
				SWIFT_VERSION = 5.0;
				TARGETED_DEVICE_FAMILY = 1;
			};
			name = Release;
		};
		30EB7F042FC2F6CD0016E897 /* Debug */ = {
			isa = XCBuildConfiguration;
			buildSettings = {
				ALWAYS_SEARCH_USER_PATHS = NO;
				ASSETCATALOG_COMPILER_GENERATE_SWIFT_ASSET_SYMBOL_EXTENSIONS = YES;
				CLANG_ANALYZER_NONNULL = YES;
				CLANG_ANALYZER_NUMBER_OBJECT_CONVERSION = YES_AGGRESSIVE;
				CLANG_CXX_LANGUAGE_STANDARD = "gnu++20";
				CLANG_ENABLE_MODULES = YES;
				CLANG_ENABLE_OBJC_ARC = YES;
				CLANG_ENABLE_OBJC_WEAK = YES;
				CLANG_WARN_BLOCK_CAPTURE_AUTORELEASING = YES;
				CLANG_WARN_BOOL_CONVERSION = YES;
				CLANG_WARN_COMMA = YES;
				CLANG_WARN_CONSTANT_CONVERSION = YES;
				CLANG_WARN_DEPRECATED_OBJC_IMPLEMENTATIONS = YES;
				CLANG_WARN_DIRECT_OBJC_ISA_USAGE = YES_ERROR;
				CLANG_WARN_DOCUMENTATION_COMMENTS = YES;
				CLANG_WARN_EMPTY_BODY = YES;
				CLANG_WARN_ENUM_CONVERSION = YES;
				CLANG_WARN_INFINITE_RECURSION = YES;
				CLANG_WARN_INT_CONVERSION = YES;
				CLANG_WARN_NON_LITERAL_NULL_CONVERSION = YES;
				CLANG_WARN_OBJC_IMPLICIT_RETAIN_SELF = YES;
				CLANG_WARN_OBJC_LITERAL_CONVERSION = YES;
				CLANG_WARN_OBJC_ROOT_CLASS = YES_ERROR;
				CLANG_WARN_QUOTED_INCLUDE_IN_FRAMEWORK_HEADER = YES;
				CLANG_WARN_RANGE_LOOP_ANALYSIS = YES;
				CLANG_WARN_STRICT_PROTOTYPES = YES;
				CLANG_WARN_SUSPICIOUS_MOVE = YES;
				CLANG_WARN_UNGUARDED_AVAILABILITY = YES_AGGRESSIVE;
				CLANG_WARN_UNREACHABLE_CODE = YES;
				CLANG_WARN__DUPLICATE_METHOD_MATCH = YES;
				COPY_PHASE_STRIP = NO;
				DEBUG_INFORMATION_FORMAT = dwarf;
				ENABLE_STRICT_OBJC_MSGSEND = YES;
				ENABLE_TESTABILITY = YES;
				ENABLE_USER_SCRIPT_SANDBOXING = YES;
				GCC_C_LANGUAGE_STANDARD = gnu17;
				GCC_DYNAMIC_NO_PIC = NO;
				GCC_NO_COMMON_BLOCKS = YES;
				GCC_OPTIMIZATION_LEVEL = 0;
				GCC_PREPROCESSOR_DEFINITIONS = (
					"DEBUG=1",
					"$(inherited)",
				);
				GCC_WARN_64_TO_32_BIT_CONVERSION = YES;
				GCC_WARN_ABOUT_RETURN_TYPE = YES_ERROR;
				GCC_WARN_UNDECLARED_SELECTOR = YES;
				GCC_WARN_UNINITIALIZED_AUTOS = YES_AGGRESSIVE;
				GCC_WARN_UNUSED_FUNCTION = YES;
				GCC_WARN_UNUSED_VARIABLE = YES;
				IPHONEOS_DEPLOYMENT_TARGET = 26.4;
				LOCALIZATION_PREFERS_STRING_CATALOGS = YES;
				MTL_ENABLE_DEBUG_INFO = INCLUDE_SOURCE;
				MTL_FAST_MATH = YES;
				ONLY_ACTIVE_ARCH = YES;
				SDKROOT = iphoneos;
				SWIFT_ACTIVE_COMPILATION_CONDITIONS = "DEBUG $(inherited)";
				SWIFT_OPTIMIZATION_LEVEL = "-Onone";
			};
			name = Debug;
		};
		30EB7F052FC2F6CD0016E897 /* Release */ = {
			isa = XCBuildConfiguration;
			buildSettings = {
				ALWAYS_SEARCH_USER_PATHS = NO;
				ASSETCATALOG_COMPILER_GENERATE_SWIFT_ASSET_SYMBOL_EXTENSIONS = YES;
				CLANG_ANALYZER_NONNULL = YES;
				CLANG_ANALYZER_NUMBER_OBJECT_CONVERSION = YES_AGGRESSIVE;
				CLANG_CXX_LANGUAGE_STANDARD = "gnu++20";
				CLANG_ENABLE_MODULES = YES;
				CLANG_ENABLE_OBJC_ARC = YES;
				CLANG_ENABLE_OBJC_WEAK = YES;
				CLANG_WARN_BLOCK_CAPTURE_AUTORELEASING = YES;
				CLANG_WARN_BOOL_CONVERSION = YES;
				CLANG_WARN_COMMA = YES;
				CLANG_WARN_CONSTANT_CONVERSION = YES;
				CLANG_WARN_DEPRECATED_OBJC_IMPLEMENTATIONS = YES;
				CLANG_WARN_DIRECT_OBJC_ISA_USAGE = YES_ERROR;
				CLANG_WARN_DOCUMENTATION_COMMENTS = YES;
				CLANG_WARN_EMPTY_BODY = YES;
				CLANG_WARN_ENUM_CONVERSION = YES;
				CLANG_WARN_INFINITE_RECURSION = YES;
				CLANG_WARN_INT_CONVERSION = YES;
				CLANG_WARN_NON_LITERAL_NULL_CONVERSION = YES;
				CLANG_WARN_OBJC_IMPLICIT_RETAIN_SELF = YES;
				CLANG_WARN_OBJC_LITERAL_CONVERSION = YES;
				CLANG_WARN_OBJC_ROOT_CLASS = YES_ERROR;
				CLANG_WARN_QUOTED_INCLUDE_IN_FRAMEWORK_HEADER = YES;
				CLANG_WARN_RANGE_LOOP_ANALYSIS = YES;
				CLANG_WARN_STRICT_PROTOTYPES = YES;
				CLANG_WARN_SUSPICIOUS_MOVE = YES;
				CLANG_WARN_UNGUARDED_AVAILABILITY = YES_AGGRESSIVE;
				CLANG_WARN_UNREACHABLE_CODE = YES;
				CLANG_WARN__DUPLICATE_METHOD_MATCH = YES;
				COPY_PHASE_STRIP = NO;
				DEBUG_INFORMATION_FORMAT = "dwarf-with-dsym";
				ENABLE_NS_ASSERTIONS = NO;
				ENABLE_STRICT_OBJC_MSGSEND = YES;
				ENABLE_USER_SCRIPT_SANDBOXING = YES;
				GCC_C_LANGUAGE_STANDARD = gnu17;
				GCC_NO_COMMON_BLOCKS = YES;
				GCC_WARN_64_TO_32_BIT_CONVERSION = YES;
				GCC_WARN_ABOUT_RETURN_TYPE = YES_ERROR;
				GCC_WARN_UNDECLARED_SELECTOR = YES;
				GCC_WARN_UNINITIALIZED_AUTOS = YES_AGGRESSIVE;
				GCC_WARN_UNUSED_FUNCTION = YES;
				GCC_WARN_UNUSED_VARIABLE = YES;
				IPHONEOS_DEPLOYMENT_TARGET = 26.4;
				LOCALIZATION_PREFERS_STRING_CATALOGS = YES;
				MTL_ENABLE_DEBUG_INFO = NO;
				MTL_FAST_MATH = YES;
				SDKROOT = iphoneos;
				SWIFT_COMPILATION_MODE = wholemodule;
				VALIDATE_PRODUCT = YES;
			};
			name = Release;
		};
/* End XCBuildConfiguration section */

/* Begin XCConfigurationList section */
		30EB7EE92FC2F6CB0016E897 /* Build configuration list for PBXProject "184ClearviaSmartSpace" */ = {
			isa = XCConfigurationList;
			buildConfigurations = (
				30EB7F042FC2F6CD0016E897 /* Debug */,
				30EB7F052FC2F6CD0016E897 /* Release */,
			);
			defaultConfigurationIsVisible = 0;
			defaultConfigurationName = Release;
		};
		30EB7F012FC2F6CD0016E897 /* Build configuration list for PBXNativeTarget "184ClearviaSmartSpace" */ = {
			isa = XCConfigurationList;
			buildConfigurations = (
				30EB7F022FC2F6CD0016E897 /* Debug */,
				30EB7F032FC2F6CD0016E897 /* Release */,
			);
			defaultConfigurationIsVisible = 0;
			defaultConfigurationName = Release;
		};
/* End XCConfigurationList section */
	};
	rootObject = 30EB7EE62FC2F6CB0016E897 /* Project object */;
}
