// !$*UTF8*$!
{
	archiveVersion = 1;
	classes = {
	};
	objectVersion = 60;
	objects = {

/* Begin PBXBuildFile section */
		30EB81042FC31E2E0016E897 /* CardStyles.swift in Sources */ = {isa = PBXBuildFile; fileRef = 30EB80B02FC31E2E0016E897 /* CardStyles.swift */; };
		30EB81052FC31E2E0016E897 /* CustomCells.swift in Sources */ = {isa = PBXBuildFile; fileRef = 30EB80B12FC31E2E0016E897 /* CustomCells.swift */; };
		30EB81062FC31E2E0016E897 /* VisualEffects.swift in Sources */ = {isa = PBXBuildFile; fileRef = 30EB80B22FC31E2E0016E897 /* VisualEffects.swift */; };
		30EB81072FC31E2E0016E897 /* ActivityCard.swift in Sources */ = {isa = PBXBuildFile; fileRef = 30EB80B42FC31E2E0016E897 /* ActivityCard.swift */; };
		30EB81082FC31E2E0016E897 /* AnimatedPlayBackground.swift in Sources */ = {isa = PBXBuildFile; fileRef = 30EB80B52FC31E2E0016E897 /* AnimatedPlayBackground.swift */; };
		30EB81092FC31E2E0016E897 /* AppButton.swift in Sources */ = {isa = PBXBuildFile; fileRef = 30EB80B62FC31E2E0016E897 /* AppButton.swift */; };
		30EB810A2FC31E2E0016E897 /* BackgroundPatternView.swift in Sources */ = {isa = PBXBuildFile; fileRef = 30EB80B72FC31E2E0016E897 /* BackgroundPatternView.swift */; };
		30EB810B2FC31E2E0016E897 /* ComboCounterView.swift in Sources */ = {isa = PBXBuildFile; fileRef = 30EB80B82FC31E2E0016E897 /* ComboCounterView.swift */; };
		30EB810C2FC31E2E0016E897 /* CustomTabBar.swift in Sources */ = {isa = PBXBuildFile; fileRef = 30EB80B92FC31E2E0016E897 /* CustomTabBar.swift */; };
		30EB810D2FC31E2E0016E897 /* DailyChallengeCard.swift in Sources */ = {isa = PBXBuildFile; fileRef = 30EB80BA2FC31E2E0016E897 /* DailyChallengeCard.swift */; };
		30EB810E2FC31E2E0016E897 /* LevelMapView.swift in Sources */ = {isa = PBXBuildFile; fileRef = 30EB80BB2FC31E2E0016E897 /* LevelMapView.swift */; };
		30EB810F2FC31E2E0016E897 /* StarRatingView.swift in Sources */ = {isa = PBXBuildFile; fileRef = 30EB80BC2FC31E2E0016E897 /* StarRatingView.swift */; };
		30EB81102FC31E2E0016E897 /* StreakCalendarView.swift in Sources */ = {isa = PBXBuildFile; fileRef = 30EB80BD2FC31E2E0016E897 /* StreakCalendarView.swift */; };
		30EB81112FC31E2E0016E897 /* AchievementDefinition.swift in Sources */ = {isa = PBXBuildFile; fileRef = 30EB80BF2FC31E2E0016E897 /* AchievementDefinition.swift */; };
		30EB81122FC31E2E0016E897 /* ActivityDefinition.swift in Sources */ = {isa = PBXBuildFile; fileRef = 30EB80C02FC31E2E0016E897 /* ActivityDefinition.swift */; };
		30EB81132FC31E2E0016E897 /* AppTheme.swift in Sources */ = {isa = PBXBuildFile; fileRef = 30EB80C12FC31E2E0016E897 /* AppTheme.swift */; };
		30EB81142FC31E2E0016E897 /* GameMode.swift in Sources */ = {isa = PBXBuildFile; fileRef = 30EB80C22FC31E2E0016E897 /* GameMode.swift */; };
		30EB81152FC31E2E0016E897 /* PersonalBestRecord.swift in Sources */ = {isa = PBXBuildFile; fileRef = 30EB80C32FC31E2E0016E897 /* PersonalBestRecord.swift */; };
		30EB81162FC31E2E0016E897 /* HapticService.swift in Sources */ = {isa = PBXBuildFile; fileRef = 30EB80C52FC31E2E0016E897 /* HapticService.swift */; };
		30EB81172FC31E2E0016E897 /* SoundService.swift in Sources */ = {isa = PBXBuildFile; fileRef = 30EB80C62FC31E2E0016E897 /* SoundService.swift */; };
		30EB81182FC31E2E0016E897 /* AppStorage.swift in Sources */ = {isa = PBXBuildFile; fileRef = 30EB80C82FC31E2E0016E897 /* AppStorage.swift */; };
		30EB81192FC31E2E0016E897 /* ActivityGameHost.swift in Sources */ = {isa = PBXBuildFile; fileRef = 30EB80CA2FC31E2E0016E897 /* ActivityGameHost.swift */; };
		30EB811A2FC31E2E0016E897 /* AppLinks.swift in Sources */ = {isa = PBXBuildFile; fileRef = 30EB80CB2FC31E2E0016E897 /* AppLinks.swift */; };
		30EB811B2FC31E2E0016E897 /* DailyChallengeGenerator.swift in Sources */ = {isa = PBXBuildFile; fileRef = 30EB80CC2FC31E2E0016E897 /* DailyChallengeGenerator.swift */; };
		30EB811C2FC31E2E0016E897 /* Notifications.swift in Sources */ = {isa = PBXBuildFile; fileRef = 30EB80CD2FC31E2E0016E897 /* Notifications.swift */; };
		30EB811D2FC31E2E0016E897 /* StarCalculator.swift in Sources */ = {isa = PBXBuildFile; fileRef = 30EB80CE2FC31E2E0016E897 /* StarCalculator.swift */; };
		30EB811E2FC31E2E0016E897 /* AchievementDetailView.swift in Sources */ = {isa = PBXBuildFile; fileRef = 30EB80D12FC31E2E0016E897 /* AchievementDetailView.swift */; };
		30EB811F2FC31E2E0016E897 /* AchievementsView.swift in Sources */ = {isa = PBXBuildFile; fileRef = 30EB80D22FC31E2E0016E897 /* AchievementsView.swift */; };
		30EB81202FC31E2E0016E897 /* HarmonyPulseView.swift in Sources */ = {isa = PBXBuildFile; fileRef = 30EB80D42FC31E2E0016E897 /* HarmonyPulseView.swift */; };
		30EB81212FC31E2E0016E897 /* HarmonyPulseViewModel.swift in Sources */ = {isa = PBXBuildFile; fileRef = 30EB80D52FC31E2E0016E897 /* HarmonyPulseViewModel.swift */; };
		30EB81222FC31E2E0016E897 /* MelodyGlideView.swift in Sources */ = {isa = PBXBuildFile; fileRef = 30EB80D72FC31E2E0016E897 /* MelodyGlideView.swift */; };
		30EB81232FC31E2E0016E897 /* MelodyGlideViewModel.swift in Sources */ = {isa = PBXBuildFile; fileRef = 30EB80D82FC31E2E0016E897 /* MelodyGlideViewModel.swift */; };
		30EB81242FC31E2E0016E897 /* MelodyHoldView.swift in Sources */ = {isa = PBXBuildFile; fileRef = 30EB80DA2FC31E2E0016E897 /* MelodyHoldView.swift */; };
		30EB81252FC31E2E0016E897 /* MelodyHoldViewModel.swift in Sources */ = {isa = PBXBuildFile; fileRef = 30EB80DB2FC31E2E0016E897 /* MelodyHoldViewModel.swift */; };
		30EB81262FC31E2E0016E897 /* TapSequenceView.swift in Sources */ = {isa = PBXBuildFile; fileRef = 30EB80DD2FC31E2E0016E897 /* TapSequenceView.swift */; };
		30EB81272FC31E2E0016E897 /* TapSequenceViewModel.swift in Sources */ = {isa = PBXBuildFile; fileRef = 30EB80DE2FC31E2E0016E897 /* TapSequenceViewModel.swift */; };
		30EB81282FC31E2E0016E897 /* ActivityArtworkView.swift in Sources */ = {isa = PBXBuildFile; fileRef = 30EB80E12FC31E2E0016E897 /* ActivityArtworkView.swift */; };
		30EB81292FC31E2E0016E897 /* HomeActivityShowcaseCard.swift in Sources */ = {isa = PBXBuildFile; fileRef = 30EB80E22FC31E2E0016E897 /* HomeActivityShowcaseCard.swift */; };
		30EB812A2FC31E2E0016E897 /* HomeWidgets.swift in Sources */ = {isa = PBXBuildFile; fileRef = 30EB80E32FC31E2E0016E897 /* HomeWidgets.swift */; };
		30EB812B2FC31E2E0016E897 /* HomeView.swift in Sources */ = {isa = PBXBuildFile; fileRef = 30EB80E52FC31E2E0016E897 /* HomeView.swift */; };
		30EB812C2FC31E2E0016E897 /* LevelSelectionView.swift in Sources */ = {isa = PBXBuildFile; fileRef = 30EB80E72FC31E2E0016E897 /* LevelSelectionView.swift */; };
		30EB812D2FC31E2E0016E897 /* MainTabView.swift in Sources */ = {isa = PBXBuildFile; fileRef = 30EB80E92FC31E2E0016E897 /* MainTabView.swift */; };
		30EB812E2FC31E2E0016E897 /* PlayTabView.swift in Sources */ = {isa = PBXBuildFile; fileRef = 30EB80EA2FC31E2E0016E897 /* PlayTabView.swift */; };
		30EB812F2FC31E2E0016E897 /* OnboardingView.swift in Sources */ = {isa = PBXBuildFile; fileRef = 30EB80EC2FC31E2E0016E897 /* OnboardingView.swift */; };
		30EB81302FC31E2E0016E897 /* GameResultView.swift in Sources */ = {isa = PBXBuildFile; fileRef = 30EB80EE2FC31E2E0016E897 /* GameResultView.swift */; };
		30EB81312FC31E2E0016E897 /* PrivacyPolicyView.swift in Sources */ = {isa = PBXBuildFile; fileRef = 30EB80F02FC31E2E0016E897 /* PrivacyPolicyView.swift */; };
		30EB81322FC31E2E0016E897 /* SettingsView.swift in Sources */ = {isa = PBXBuildFile; fileRef = 30EB80F12FC31E2E0016E897 /* SettingsView.swift */; };
		30EB81332FC31E2E0016E897 /* SpeedRunView.swift in Sources */ = {isa = PBXBuildFile; fileRef = 30EB80F32FC31E2E0016E897 /* SpeedRunView.swift */; };
		30EB81342FC31E2E0016E897 /* ActivityTutorialView.swift in Sources */ = {isa = PBXBuildFile; fileRef = 30EB80F52FC31E2E0016E897 /* ActivityTutorialView.swift */; };
		30EB81352FC31E2E0016E897 /* AppDelegate.swift in Sources */ = {isa = PBXBuildFile; fileRef = 30EB80F82FC31E2E0016E897 /* AppDelegate.swift */; };
		30EB81362FC31E2E0016E897 /* ContentView.swift in Sources */ = {isa = PBXBuildFile; fileRef = 30EB80FA2FC31E2E0016E897 /* ContentView.swift */; };
		30EB81372FC31E2E0016E897 /* SceneDelegate.swift in Sources */ = {isa = PBXBuildFile; fileRef = 30EB81012FC31E2E0016E897 /* SceneDelegate.swift */; };
		30EB81382FC31E2E0016E897 /* ViewController.swift in Sources */ = {isa = PBXBuildFile; fileRef = 30EB81022FC31E2E0016E897 /* ViewController.swift */; };
		30EB81392FC31E2E0016E897 /* Assets.xcassets in Resources */ = {isa = PBXBuildFile; fileRef = 30EB80F92FC31E2E0016E897 /* Assets.xcassets */; };
		30EB813B2FC31E2E0016E897 /* LaunchScreen.storyboard in Resources */ = {isa = PBXBuildFile; fileRef = 30EB80FD2FC31E2E0016E897 /* LaunchScreen.storyboard */; };
		30EB813C2FC31E2E0016E897 /* Main.storyboard in Resources */ = {isa = PBXBuildFile; fileRef = 30EB80FF2FC31E2E0016E897 /* Main.storyboard */; };
		30EB813D2FC31E2E0016E897 /* privacy_policy.md in Resources */ = {isa = PBXBuildFile; fileRef = 30EB81002FC31E2E0016E897 /* privacy_policy.md */; };
/* End PBXBuildFile section */

/* Begin PBXFileReference section */
		30EB7EEE2FC2F6CB0016E897 /* 184ClearviaSmartSpace.app */ = {isa = PBXFileReference; explicitFileType = wrapper.application; includeInIndex = 0; path = 184ClearviaSmartSpace.app; sourceTree = BUILT_PRODUCTS_DIR; };
		30EB80B02FC31E2E0016E897 /* CardStyles.swift */ = {isa = PBXFileReference; lastKnownFileType = sourcecode.swift; path = CardStyles.swift; sourceTree = "<group>"; };
		30EB80B12FC31E2E0016E897 /* CustomCells.swift */ = {isa = PBXFileReference; lastKnownFileType = sourcecode.swift; path = CustomCells.swift; sourceTree = "<group>"; };
		30EB80B22FC31E2E0016E897 /* VisualEffects.swift */ = {isa = PBXFileReference; lastKnownFileType = sourcecode.swift; path = VisualEffects.swift; sourceTree = "<group>"; };
		30EB80B42FC31E2E0016E897 /* ActivityCard.swift */ = {isa = PBXFileReference; lastKnownFileType = sourcecode.swift; path = ActivityCard.swift; sourceTree = "<group>"; };
		30EB80B52FC31E2E0016E897 /* AnimatedPlayBackground.swift */ = {isa = PBXFileReference; lastKnownFileType = sourcecode.swift; path = AnimatedPlayBackground.swift; sourceTree = "<group>"; };
		30EB80B62FC31E2E0016E897 /* AppButton.swift */ = {isa = PBXFileReference; lastKnownFileType = sourcecode.swift; path = AppButton.swift; sourceTree = "<group>"; };
		30EB80B72FC31E2E0016E897 /* BackgroundPatternView.swift */ = {isa = PBXFileReference; lastKnownFileType = sourcecode.swift; path = BackgroundPatternView.swift; sourceTree = "<group>"; };
		30EB80B82FC31E2E0016E897 /* ComboCounterView.swift */ = {isa = PBXFileReference; lastKnownFileType = sourcecode.swift; path = ComboCounterView.swift; sourceTree = "<group>"; };
		30EB80B92FC31E2E0016E897 /* CustomTabBar.swift */ = {isa = PBXFileReference; lastKnownFileType = sourcecode.swift; path = CustomTabBar.swift; sourceTree = "<group>"; };
		30EB80BA2FC31E2E0016E897 /* DailyChallengeCard.swift */ = {isa = PBXFileReference; lastKnownFileType = sourcecode.swift; path = DailyChallengeCard.swift; sourceTree = "<group>"; };
		30EB80BB2FC31E2E0016E897 /* LevelMapView.swift */ = {isa = PBXFileReference; lastKnownFileType = sourcecode.swift; path = LevelMapView.swift; sourceTree = "<group>"; };
		30EB80BC2FC31E2E0016E897 /* StarRatingView.swift */ = {isa = PBXFileReference; lastKnownFileType = sourcecode.swift; path = StarRatingView.swift; sourceTree = "<group>"; };
		30EB80BD2FC31E2E0016E897 /* StreakCalendarView.swift */ = {isa = PBXFileReference; lastKnownFileType = sourcecode.swift; path = StreakCalendarView.swift; sourceTree = "<group>"; };
		30EB80BF2FC31E2E0016E897 /* AchievementDefinition.swift */ = {isa = PBXFileReference; lastKnownFileType = sourcecode.swift; path = AchievementDefinition.swift; sourceTree = "<group>"; };
		30EB80C02FC31E2E0016E897 /* ActivityDefinition.swift */ = {isa = PBXFileReference; lastKnownFileType = sourcecode.swift; path = ActivityDefinition.swift; sourceTree = "<group>"; };
		30EB80C12FC31E2E0016E897 /* AppTheme.swift */ = {isa = PBXFileReference; lastKnownFileType = sourcecode.swift; path = AppTheme.swift; sourceTree = "<group>"; };
		30EB80C22FC31E2E0016E897 /* GameMode.swift */ = {isa = PBXFileReference; lastKnownFileType = sourcecode.swift; path = GameMode.swift; sourceTree = "<group>"; };
		30EB80C32FC31E2E0016E897 /* PersonalBestRecord.swift */ = {isa = PBXFileReference; lastKnownFileType = sourcecode.swift; path = PersonalBestRecord.swift; sourceTree = "<group>"; };
		30EB80C52FC31E2E0016E897 /* HapticService.swift */ = {isa = PBXFileReference; lastKnownFileType = sourcecode.swift; path = HapticService.swift; sourceTree = "<group>"; };
		30EB80C62FC31E2E0016E897 /* SoundService.swift */ = {isa = PBXFileReference; lastKnownFileType = sourcecode.swift; path = SoundService.swift; sourceTree = "<group>"; };
		30EB80C82FC31E2E0016E897 /* AppStorage.swift */ = {isa = PBXFileReference; lastKnownFileType = sourcecode.swift; path = AppStorage.swift; sourceTree = "<group>"; };
		30EB80CA2FC31E2E0016E897 /* ActivityGameHost.swift */ = {isa = PBXFileReference; lastKnownFileType = sourcecode.swift; path = ActivityGameHost.swift; sourceTree = "<group>"; };
		30EB80CB2FC31E2E0016E897 /* AppLinks.swift */ = {isa = PBXFileReference; lastKnownFileType = sourcecode.swift; path = AppLinks.swift; sourceTree = "<group>"; };
		30EB80CC2FC31E2E0016E897 /* DailyChallengeGenerator.swift */ = {isa = PBXFileReference; lastKnownFileType = sourcecode.swift; path = DailyChallengeGenerator.swift; sourceTree = "<group>"; };
		30EB80CD2FC31E2E0016E897 /* Notifications.swift */ = {isa = PBXFileReference; lastKnownFileType = sourcecode.swift; path = Notifications.swift; sourceTree = "<group>"; };
		30EB80CE2FC31E2E0016E897 /* StarCalculator.swift */ = {isa = PBXFileReference; lastKnownFileType = sourcecode.swift; path = StarCalculator.swift; sourceTree = "<group>"; };
		30EB80D12FC31E2E0016E897 /* AchievementDetailView.swift */ = {isa = PBXFileReference; lastKnownFileType = sourcecode.swift; path = AchievementDetailView.swift; sourceTree = "<group>"; };
		30EB80D22FC31E2E0016E897 /* AchievementsView.swift */ = {isa = PBXFileReference; lastKnownFileType = sourcecode.swift; path = AchievementsView.swift; sourceTree = "<group>"; };
		30EB80D42FC31E2E0016E897 /* HarmonyPulseView.swift */ = {isa = PBXFileReference; lastKnownFileType = sourcecode.swift; path = HarmonyPulseView.swift; sourceTree = "<group>"; };
		30EB80D52FC31E2E0016E897 /* HarmonyPulseViewModel.swift */ = {isa = PBXFileReference; lastKnownFileType = sourcecode.swift; path = HarmonyPulseViewModel.swift; sourceTree = "<group>"; };
		30EB80D72FC31E2E0016E897 /* MelodyGlideView.swift */ = {isa = PBXFileReference; lastKnownFileType = sourcecode.swift; path = MelodyGlideView.swift; sourceTree = "<group>"; };
		30EB80D82FC31E2E0016E897 /* MelodyGlideViewModel.swift */ = {isa = PBXFileReference; lastKnownFileType = sourcecode.swift; path = MelodyGlideViewModel.swift; sourceTree = "<group>"; };
		30EB80DA2FC31E2E0016E897 /* MelodyHoldView.swift */ = {isa = PBXFileReference; lastKnownFileType = sourcecode.swift; path = MelodyHoldView.swift; sourceTree = "<group>"; };
		30EB80DB2FC31E2E0016E897 /* MelodyHoldViewModel.swift */ = {isa = PBXFileReference; lastKnownFileType = sourcecode.swift; path = MelodyHoldViewModel.swift; sourceTree = "<group>"; };
		30EB80DD2FC31E2E0016E897 /* TapSequenceView.swift */ = {isa = PBXFileReference; lastKnownFileType = sourcecode.swift; path = TapSequenceView.swift; sourceTree = "<group>"; };
		30EB80DE2FC31E2E0016E897 /* TapSequenceViewModel.swift */ = {isa = PBXFileReference; lastKnownFileType = sourcecode.swift; path = TapSequenceViewModel.swift; sourceTree = "<group>"; };
		30EB80E12FC31E2E0016E897 /* ActivityArtworkView.swift */ = {isa = PBXFileReference; lastKnownFileType = sourcecode.swift; path = ActivityArtworkView.swift; sourceTree = "<group>"; };
		30EB80E22FC31E2E0016E897 /* HomeActivityShowcaseCard.swift */ = {isa = PBXFileReference; lastKnownFileType = sourcecode.swift; path = HomeActivityShowcaseCard.swift; sourceTree = "<group>"; };
		30EB80E32FC31E2E0016E897 /* HomeWidgets.swift */ = {isa = PBXFileReference; lastKnownFileType = sourcecode.swift; path = HomeWidgets.swift; sourceTree = "<group>"; };
		30EB80E52FC31E2E0016E897 /* HomeView.swift */ = {isa = PBXFileReference; lastKnownFileType = sourcecode.swift; path = HomeView.swift; sourceTree = "<group>"; };
		30EB80E72FC31E2E0016E897 /* LevelSelectionView.swift */ = {isa = PBXFileReference; lastKnownFileType = sourcecode.swift; path = LevelSelectionView.swift; sourceTree = "<group>"; };
		30EB80E92FC31E2E0016E897 /* MainTabView.swift */ = {isa = PBXFileReference; lastKnownFileType = sourcecode.swift; path = MainTabView.swift; sourceTree = "<group>"; };
		30EB80EA2FC31E2E0016E897 /* PlayTabView.swift */ = {isa = PBXFileReference; lastKnownFileType = sourcecode.swift; path = PlayTabView.swift; sourceTree = "<group>"; };
		30EB80EC2FC31E2E0016E897 /* OnboardingView.swift */ = {isa = PBXFileReference; lastKnownFileType = sourcecode.swift; path = OnboardingView.swift; sourceTree = "<group>"; };
		30EB80EE2FC31E2E0016E897 /* GameResultView.swift */ = {isa = PBXFileReference; lastKnownFileType = sourcecode.swift; path = GameResultView.swift; sourceTree = "<group>"; };
		30EB80F02FC31E2E0016E897 /* PrivacyPolicyView.swift */ = {isa = PBXFileReference; lastKnownFileType = sourcecode.swift; path = PrivacyPolicyView.swift; sourceTree = "<group>"; };
		30EB80F12FC31E2E0016E897 /* SettingsView.swift */ = {isa = PBXFileReference; lastKnownFileType = sourcecode.swift; path = SettingsView.swift; sourceTree = "<group>"; };
		30EB80F32FC31E2E0016E897 /* SpeedRunView.swift */ = {isa = PBXFileReference; lastKnownFileType = sourcecode.swift; path = SpeedRunView.swift; sourceTree = "<group>"; };
		30EB80F52FC31E2E0016E897 /* ActivityTutorialView.swift */ = {isa = PBXFileReference; lastKnownFileType = sourcecode.swift; path = ActivityTutorialView.swift; sourceTree = "<group>"; };
		30EB80F82FC31E2E0016E897 /* AppDelegate.swift */ = {isa = PBXFileReference; lastKnownFileType = sourcecode.swift; path = AppDelegate.swift; sourceTree = "<group>"; };
		30EB80F92FC31E2E0016E897 /* Assets.xcassets */ = {isa = PBXFileReference; lastKnownFileType = folder.assetcatalog; path = Assets.xcassets; sourceTree = "<group>"; };
		30EB80FA2FC31E2E0016E897 /* ContentView.swift */ = {isa = PBXFileReference; lastKnownFileType = sourcecode.swift; path = ContentView.swift; sourceTree = "<group>"; };
		30EB80FB2FC31E2E0016E897 /* Info.plist */ = {isa = PBXFileReference; lastKnownFileType = text.plist.xml; path = Info.plist; sourceTree = "<group>"; };
		30EB80FC2FC31E2E0016E897 /* Base */ = {isa = PBXFileReference; lastKnownFileType = file.storyboard; name = Base; path = Base.lproj/LaunchScreen.storyboard; sourceTree = "<group>"; };
		30EB80FE2FC31E2E0016E897 /* Base */ = {isa = PBXFileReference; lastKnownFileType = file.storyboard; name = Base; path = Base.lproj/Main.storyboard; sourceTree = "<group>"; };
		30EB81002FC31E2E0016E897 /* privacy_policy.md */ = {isa = PBXFileReference; lastKnownFileType = net.daringfireball.markdown; path = privacy_policy.md; sourceTree = "<group>"; };
		30EB81012FC31E2E0016E897 /* SceneDelegate.swift */ = {isa = PBXFileReference; lastKnownFileType = sourcecode.swift; path = SceneDelegate.swift; sourceTree = "<group>"; };
		30EB81022FC31E2E0016E897 /* ViewController.swift */ = {isa = PBXFileReference; lastKnownFileType = sourcecode.swift; path = ViewController.swift; sourceTree = "<group>"; };
		77908363CFA9AA401E4C3DCC /* Pods-184ClearviaSmartSpace.debug.xcconfig */ = {isa = PBXFileReference; includeInIndex = 1; lastKnownFileType = text.xcconfig; name = "Pods-184ClearviaSmartSpace.debug.xcconfig"; path = "Target Support Files/Pods-184ClearviaSmartSpace/Pods-184ClearviaSmartSpace.debug.xcconfig"; sourceTree = "<group>"; };
		9B1F19ADD8A3AF1012B258E6 /* Pods_184ClearviaSmartSpace.framework */ = {isa = PBXFileReference; explicitFileType = wrapper.framework; includeInIndex = 0; path = Pods_184ClearviaSmartSpace.framework; sourceTree = BUILT_PRODUCTS_DIR; };
		E8347B6746A0BDC2A25739B6 /* Pods-184ClearviaSmartSpace.release.xcconfig */ = {isa = PBXFileReference; includeInIndex = 1; lastKnownFileType = text.xcconfig; name = "Pods-184ClearviaSmartSpace.release.xcconfig"; path = "Target Support Files/Pods-184ClearviaSmartSpace/Pods-184ClearviaSmartSpace.release.xcconfig"; sourceTree = "<group>"; };
/* End PBXFileReference section */

/* Begin PBXFrameworksBuildPhase section */
		30EB7EEB2FC2F6CB0016E897 /* Frameworks */ = {
			isa = PBXFrameworksBuildPhase;
			buildActionMask = 2147483647;
			files = (
			);
			runOnlyForDeploymentPostprocessing = 0;
		};
/* End PBXFrameworksBuildPhase section */

/* Begin PBXGroup section */
		0B95487C35CB6F62A324A32B /* Frameworks */ = {
			isa = PBXGroup;
			children = (
				9B1F19ADD8A3AF1012B258E6 /* Pods_184ClearviaSmartSpace.framework */,
			);
			name = Frameworks;
			sourceTree = "<group>";
		};
		30EB7EE52FC2F6CB0016E897 = {
			isa = PBXGroup;
			children = (
				30EB81032FC31E2E0016E897 /* 184ClearviaSmartSpace */,
				30EB7EEF2FC2F6CB0016E897 /* Products */,
				E735C9F9A50FD7BA6415EEB2 /* Pods */,
				0B95487C35CB6F62A324A32B /* Frameworks */,
			);
			sourceTree = "<group>";
		};
		30EB7EEF2FC2F6CB0016E897 /* Products */ = {
			isa = PBXGroup;
			children = (
				30EB7EEE2FC2F6CB0016E897 /* 184ClearviaSmartSpace.app */,
			);
			name = Products;
			sourceTree = "<group>";
		};
		30EB80B32FC31E2E0016E897 /* DesignSystem */ = {
			isa = PBXGroup;
			children = (
				30EB80B02FC31E2E0016E897 /* CardStyles.swift */,
				30EB80B12FC31E2E0016E897 /* CustomCells.swift */,
				30EB80B22FC31E2E0016E897 /* VisualEffects.swift */,
			);
			path = DesignSystem;
			sourceTree = "<group>";
		};
		30EB80BE2FC31E2E0016E897 /* Components */ = {
			isa = PBXGroup;
			children = (
				30EB80B32FC31E2E0016E897 /* DesignSystem */,
				30EB80B42FC31E2E0016E897 /* ActivityCard.swift */,
				30EB80B52FC31E2E0016E897 /* AnimatedPlayBackground.swift */,
				30EB80B62FC31E2E0016E897 /* AppButton.swift */,
				30EB80B72FC31E2E0016E897 /* BackgroundPatternView.swift */,
				30EB80B82FC31E2E0016E897 /* ComboCounterView.swift */,
				30EB80B92FC31E2E0016E897 /* CustomTabBar.swift */,
				30EB80BA2FC31E2E0016E897 /* DailyChallengeCard.swift */,
				30EB80BB2FC31E2E0016E897 /* LevelMapView.swift */,
				30EB80BC2FC31E2E0016E897 /* StarRatingView.swift */,
				30EB80BD2FC31E2E0016E897 /* StreakCalendarView.swift */,
			);
			path = Components;
			sourceTree = "<group>";
		};
		30EB80C42FC31E2E0016E897 /* Models */ = {
			isa = PBXGroup;
			children = (
				30EB80BF2FC31E2E0016E897 /* AchievementDefinition.swift */,
				30EB80C02FC31E2E0016E897 /* ActivityDefinition.swift */,
				30EB80C12FC31E2E0016E897 /* AppTheme.swift */,
				30EB80C22FC31E2E0016E897 /* GameMode.swift */,
				30EB80C32FC31E2E0016E897 /* PersonalBestRecord.swift */,
			);
			path = Models;
			sourceTree = "<group>";
		};
		30EB80C72FC31E2E0016E897 /* Services */ = {
			isa = PBXGroup;
			children = (
				30EB80C52FC31E2E0016E897 /* HapticService.swift */,
				30EB80C62FC31E2E0016E897 /* SoundService.swift */,
			);
			path = Services;
			sourceTree = "<group>";
		};
		30EB80C92FC31E2E0016E897 /* Storage */ = {
			isa = PBXGroup;
			children = (
				30EB80C82FC31E2E0016E897 /* AppStorage.swift */,
			);
			path = Storage;
			sourceTree = "<group>";
		};
		30EB80CF2FC31E2E0016E897 /* Utilities */ = {
			isa = PBXGroup;
			children = (
				30EB80CA2FC31E2E0016E897 /* ActivityGameHost.swift */,
				30EB80CB2FC31E2E0016E897 /* AppLinks.swift */,
				30EB80CC2FC31E2E0016E897 /* DailyChallengeGenerator.swift */,
				30EB80CD2FC31E2E0016E897 /* Notifications.swift */,
				30EB80CE2FC31E2E0016E897 /* StarCalculator.swift */,
			);
			path = Utilities;
			sourceTree = "<group>";
		};
		30EB80D02FC31E2E0016E897 /* Core */ = {
			isa = PBXGroup;
			children = (
				30EB80C42FC31E2E0016E897 /* Models */,
				30EB80C72FC31E2E0016E897 /* Services */,
				30EB80C92FC31E2E0016E897 /* Storage */,
				30EB80CF2FC31E2E0016E897 /* Utilities */,
			);
			path = Core;
			sourceTree = "<group>";
		};
		30EB80D32FC31E2E0016E897 /* Achievements */ = {
			isa = PBXGroup;
			children = (
				30EB80D12FC31E2E0016E897 /* AchievementDetailView.swift */,
				30EB80D22FC31E2E0016E897 /* AchievementsView.swift */,
			);
			path = Achievements;
			sourceTree = "<group>";
		};
		30EB80D62FC31E2E0016E897 /* HarmonyPulse */ = {
			isa = PBXGroup;
			children = (
				30EB80D42FC31E2E0016E897 /* HarmonyPulseView.swift */,
				30EB80D52FC31E2E0016E897 /* HarmonyPulseViewModel.swift */,
			);
			path = HarmonyPulse;
			sourceTree = "<group>";
		};
		30EB80D92FC31E2E0016E897 /* MelodyGlide */ = {
			isa = PBXGroup;
			children = (
				30EB80D72FC31E2E0016E897 /* MelodyGlideView.swift */,
				30EB80D82FC31E2E0016E897 /* MelodyGlideViewModel.swift */,
			);
			path = MelodyGlide;
			sourceTree = "<group>";
		};
		30EB80DC2FC31E2E0016E897 /* MelodyHold */ = {
			isa = PBXGroup;
			children = (
				30EB80DA2FC31E2E0016E897 /* MelodyHoldView.swift */,
				30EB80DB2FC31E2E0016E897 /* MelodyHoldViewModel.swift */,
			);
			path = MelodyHold;
			sourceTree = "<group>";
		};
		30EB80DF2FC31E2E0016E897 /* TapSequence */ = {
			isa = PBXGroup;
			children = (
				30EB80DD2FC31E2E0016E897 /* TapSequenceView.swift */,
				30EB80DE2FC31E2E0016E897 /* TapSequenceViewModel.swift */,
			);
			path = TapSequence;
			sourceTree = "<group>";
		};
		30EB80E02FC31E2E0016E897 /* Activities */ = {
			isa = PBXGroup;
			children = (
				30EB80D62FC31E2E0016E897 /* HarmonyPulse */,
				30EB80D92FC31E2E0016E897 /* MelodyGlide */,
				30EB80DC2FC31E2E0016E897 /* MelodyHold */,
				30EB80DF2FC31E2E0016E897 /* TapSequence */,
			);
			path = Activities;
			sourceTree = "<group>";
		};
		30EB80E42FC31E2E0016E897 /* Widgets */ = {
			isa = PBXGroup;
			children = (
				30EB80E12FC31E2E0016E897 /* ActivityArtworkView.swift */,
				30EB80E22FC31E2E0016E897 /* HomeActivityShowcaseCard.swift */,
				30EB80E32FC31E2E0016E897 /* HomeWidgets.swift */,
			);
			path = Widgets;
			sourceTree = "<group>";
		};
		30EB80E62FC31E2E0016E897 /* Home */ = {
			isa = PBXGroup;
			children = (
				30EB80E42FC31E2E0016E897 /* Widgets */,
				30EB80E52FC31E2E0016E897 /* HomeView.swift */,
			);
			path = Home;
			sourceTree = "<group>";
		};
		30EB80E82FC31E2E0016E897 /* LevelSelection */ = {
			isa = PBXGroup;
			children = (
				30EB80E72FC31E2E0016E897 /* LevelSelectionView.swift */,
			);
			path = LevelSelection;
			sourceTree = "<group>";
		};
		30EB80EB2FC31E2E0016E897 /* Main */ = {
			isa = PBXGroup;
			children = (
				30EB80E92FC31E2E0016E897 /* MainTabView.swift */,
				30EB80EA2FC31E2E0016E897 /* PlayTabView.swift */,
			);
			path = Main;
			sourceTree = "<group>";
		};
		30EB80ED2FC31E2E0016E897 /* Onboarding */ = {
			isa = PBXGroup;
			children = (
				30EB80EC2FC31E2E0016E897 /* OnboardingView.swift */,
			);
			path = Onboarding;
			sourceTree = "<group>";
		};
		30EB80EF2FC31E2E0016E897 /* Results */ = {
			isa = PBXGroup;
			children = (
				30EB80EE2FC31E2E0016E897 /* GameResultView.swift */,
			);
			path = Results;
			sourceTree = "<group>";
		};
		30EB80F22FC31E2E0016E897 /* Settings */ = {
			isa = PBXGroup;
			children = (
				30EB80F02FC31E2E0016E897 /* PrivacyPolicyView.swift */,
				30EB80F12FC31E2E0016E897 /* SettingsView.swift */,
			);
			path = Settings;
			sourceTree = "<group>";
		};
		30EB80F42FC31E2E0016E897 /* SpeedRun */ = {
			isa = PBXGroup;
			children = (
				30EB80F32FC31E2E0016E897 /* SpeedRunView.swift */,
			);
			path = SpeedRun;
			sourceTree = "<group>";
		};
		30EB80F62FC31E2E0016E897 /* Tutorial */ = {
			isa = PBXGroup;
			children = (
				30EB80F52FC31E2E0016E897 /* ActivityTutorialView.swift */,
			);
			path = Tutorial;
			sourceTree = "<group>";
		};
		30EB80F72FC31E2E0016E897 /* Features */ = {
			isa = PBXGroup;
			children = (
				30EB80D32FC31E2E0016E897 /* Achievements */,
				30EB80E02FC31E2E0016E897 /* Activities */,
				30EB80E62FC31E2E0016E897 /* Home */,
				30EB80E82FC31E2E0016E897 /* LevelSelection */,
				30EB80EB2FC31E2E0016E897 /* Main */,
				30EB80ED2FC31E2E0016E897 /* Onboarding */,
				30EB80EF2FC31E2E0016E897 /* Results */,
				30EB80F22FC31E2E0016E897 /* Settings */,
				30EB80F42FC31E2E0016E897 /* SpeedRun */,
				30EB80F62FC31E2E0016E897 /* Tutorial */,
			);
			path = Features;
			sourceTree = "<group>";
		};
		30EB81032FC31E2E0016E897 /* 184ClearviaSmartSpace */ = {
			isa = PBXGroup;
			children = (
				30EB80BE2FC31E2E0016E897 /* Components */,
				30EB80D02FC31E2E0016E897 /* Core */,
				30EB80F72FC31E2E0016E897 /* Features */,
				30EB80F82FC31E2E0016E897 /* AppDelegate.swift */,
				30EB80F92FC31E2E0016E897 /* Assets.xcassets */,
				30EB80FA2FC31E2E0016E897 /* ContentView.swift */,
				30EB80FB2FC31E2E0016E897 /* Info.plist */,
				30EB80FD2FC31E2E0016E897 /* LaunchScreen.storyboard */,
				30EB80FF2FC31E2E0016E897 /* Main.storyboard */,
				30EB81002FC31E2E0016E897 /* privacy_policy.md */,
				30EB81012FC31E2E0016E897 /* SceneDelegate.swift */,
				30EB81022FC31E2E0016E897 /* ViewController.swift */,
			);
			path = 184ClearviaSmartSpace;
			sourceTree = "<group>";
		};
		E735C9F9A50FD7BA6415EEB2 /* Pods */ = {
			isa = PBXGroup;
			children = (
				77908363CFA9AA401E4C3DCC /* Pods-184ClearviaSmartSpace.debug.xcconfig */,
				E8347B6746A0BDC2A25739B6 /* Pods-184ClearviaSmartSpace.release.xcconfig */,
			);
			path = Pods;
			sourceTree = "<group>";
		};
/* End PBXGroup section */

/* Begin PBXNativeTarget section */
		30EB7EED2FC2F6CB0016E897 /* 184ClearviaSmartSpace */ = {
			isa = PBXNativeTarget;
			buildConfigurationList = 30EB7F012FC2F6CD0016E897 /* Build configuration list for PBXNativeTarget "184ClearviaSmartSpace" */;
			buildPhases = (
				310DAF19CE0DEC68E5A6FDE1 /* [CP] Check Pods Manifest.lock */,
				30EB7EEA2FC2F6CB0016E897 /* Sources */,
				30EB7EEB2FC2F6CB0016E897 /* Frameworks */,
				30EB7EEC2FC2F6CB0016E897 /* Resources */,
			);
			buildRules = (
			);
			dependencies = (
			);
			name = 184ClearviaSmartSpace;
			productName = 184ClearviaSmartSpace;
			productReference = 30EB7EEE2FC2F6CB0016E897 /* 184ClearviaSmartSpace.app */;
			productType = "com.apple.product-type.application";
		};
/* End PBXNativeTarget section */

/* Begin PBXProject section */
		30EB7EE62FC2F6CB0016E897 /* Project object */ = {
			isa = PBXProject;
			attributes = {
				BuildIndependentTargetsInParallel = 1;
				LastSwiftUpdateCheck = 2640;
				LastUpgradeCheck = 2640;
				TargetAttributes = {
					30EB7EED2FC2F6CB0016E897 = {
						CreatedOnToolsVersion = 26.4.1;
					};
				};
			};
			buildConfigurationList = 30EB7EE92FC2F6CB0016E897 /* Build configuration list for PBXProject "184ClearviaSmartSpace" */;
			compatibilityVersion = "Xcode 15.0";
			developmentRegion = en;
			hasScannedForEncodings = 0;
			knownRegions = (
				en,
				Base,
			);
			mainGroup = 30EB7EE52FC2F6CB0016E897;
			productRefGroup = 30EB7EEF2FC2F6CB0016E897 /* Products */;
			projectDirPath = "";
			projectRoot = "";
			targets = (
				30EB7EED2FC2F6CB0016E897 /* 184ClearviaSmartSpace */,
			);
		};
/* End PBXProject section */

/* Begin PBXResourcesBuildPhase section */
		30EB7EEC2FC2F6CB0016E897 /* Resources */ = {
			isa = PBXResourcesBuildPhase;
			buildActionMask = 2147483647;
			files = (
				30EB81392FC31E2E0016E897 /* Assets.xcassets in Resources */,
				30EB813B2FC31E2E0016E897 /* LaunchScreen.storyboard in Resources */,
				30EB813C2FC31E2E0016E897 /* Main.storyboard in Resources */,
				30EB813D2FC31E2E0016E897 /* privacy_policy.md in Resources */,
			);
			runOnlyForDeploymentPostprocessing = 0;
		};
/* End PBXResourcesBuildPhase section */

/* Begin PBXShellScriptBuildPhase section */
		310DAF19CE0DEC68E5A6FDE1 /* [CP] Check Pods Manifest.lock */ = {
			isa = PBXShellScriptBuildPhase;
			buildActionMask = 2147483647;
			files = (
			);
			inputFileListPaths = (
			);
			inputPaths = (
				"${PODS_PODFILE_DIR_PATH}/Podfile.lock",
				"${PODS_ROOT}/Manifest.lock",
			);
			name = "[CP] Check Pods Manifest.lock";
			outputFileListPaths = (
			);
			outputPaths = (
				"$(DERIVED_FILE_DIR)/Pods-184ClearviaSmartSpace-checkManifestLockResult.txt",
			);
			runOnlyForDeploymentPostprocessing = 0;
			shellPath = /bin/sh;
			shellScript = "diff \"${PODS_PODFILE_DIR_PATH}/Podfile.lock\" \"${PODS_ROOT}/Manifest.lock\" > /dev/null\nif [ $? != 0 ] ; then\n    # print error to STDERR\n    echo \"error: The sandbox is not in sync with the Podfile.lock. Run 'pod install' or update your CocoaPods installation.\" >&2\n    exit 1\nfi\n# This output is used by Xcode 'outputs' to avoid re-running this script phase.\necho \"SUCCESS\" > \"${SCRIPT_OUTPUT_FILE_0}\"\n";
			showEnvVarsInLog = 0;
		};
/* End PBXShellScriptBuildPhase section */

/* Begin PBXSourcesBuildPhase section */
		30EB7EEA2FC2F6CB0016E897 /* Sources */ = {
			isa = PBXSourcesBuildPhase;
			buildActionMask = 2147483647;
			files = (
				30EB81042FC31E2E0016E897 /* CardStyles.swift in Sources */,
				30EB81052FC31E2E0016E897 /* CustomCells.swift in Sources */,
				30EB81062FC31E2E0016E897 /* VisualEffects.swift in Sources */,
				30EB81072FC31E2E0016E897 /* ActivityCard.swift in Sources */,
				30EB81082FC31E2E0016E897 /* AnimatedPlayBackground.swift in Sources */,
				30EB81092FC31E2E0016E897 /* AppButton.swift in Sources */,
				30EB810A2FC31E2E0016E897 /* BackgroundPatternView.swift in Sources */,
				30EB810B2FC31E2E0016E897 /* ComboCounterView.swift in Sources */,
				30EB810C2FC31E2E0016E897 /* CustomTabBar.swift in Sources */,
				30EB810D2FC31E2E0016E897 /* DailyChallengeCard.swift in Sources */,
				30EB810E2FC31E2E0016E897 /* LevelMapView.swift in Sources */,
				30EB810F2FC31E2E0016E897 /* StarRatingView.swift in Sources */,
				30EB81102FC31E2E0016E897 /* StreakCalendarView.swift in Sources */,
				30EB81112FC31E2E0016E897 /* AchievementDefinition.swift in Sources */,
				30EB81122FC31E2E0016E897 /* ActivityDefinition.swift in Sources */,
				30EB81132FC31E2E0016E897 /* AppTheme.swift in Sources */,
				30EB81142FC31E2E0016E897 /* GameMode.swift in Sources */,
				30EB81152FC31E2E0016E897 /* PersonalBestRecord.swift in Sources */,
				30EB81162FC31E2E0016E897 /* HapticService.swift in Sources */,
				30EB81172FC31E2E0016E897 /* SoundService.swift in Sources */,
				30EB81182FC31E2E0016E897 /* AppStorage.swift in Sources */,
				30EB81192FC31E2E0016E897 /* ActivityGameHost.swift in Sources */,
				30EB811A2FC31E2E0016E897 /* AppLinks.swift in Sources */,
				30EB811B2FC31E2E0016E897 /* DailyChallengeGenerator.swift in Sources */,
				30EB811C2FC31E2E0016E897 /* Notifications.swift in Sources */,
				30EB811D2FC31E2E0016E897 /* StarCalculator.swift in Sources */,
				30EB811E2FC31E2E0016E897 /* AchievementDetailView.swift in Sources */,
				30EB811F2FC31E2E0016E897 /* AchievementsView.swift in Sources */,
				30EB81202FC31E2E0016E897 /* HarmonyPulseView.swift in Sources */,
				30EB81212FC31E2E0016E897 /* HarmonyPulseViewModel.swift in Sources */,
				30EB81222FC31E2E0016E897 /* MelodyGlideView.swift in Sources */,
				30EB81232FC31E2E0016E897 /* MelodyGlideViewModel.swift in Sources */,
				30EB81242FC31E2E0016E897 /* MelodyHoldView.swift in Sources */,
				30EB81252FC31E2E0016E897 /* MelodyHoldViewModel.swift in Sources */,
				30EB81262FC31E2E0016E897 /* TapSequenceView.swift in Sources */,
				30EB81272FC31E2E0016E897 /* TapSequenceViewModel.swift in Sources */,
				30EB81282FC31E2E0016E897 /* ActivityArtworkView.swift in Sources */,
				30EB81292FC31E2E0016E897 /* HomeActivityShowcaseCard.swift in Sources */,
				30EB812A2FC31E2E0016E897 /* HomeWidgets.swift in Sources */,
				30EB812B2FC31E2E0016E897 /* HomeView.swift in Sources */,
				30EB812C2FC31E2E0016E897 /* LevelSelectionView.swift in Sources */,
				30EB812D2FC31E2E0016E897 /* MainTabView.swift in Sources */,
				30EB812E2FC31E2E0016E897 /* PlayTabView.swift in Sources */,
				30EB812F2FC31E2E0016E897 /* OnboardingView.swift in Sources */,
				30EB81302FC31E2E0016E897 /* GameResultView.swift in Sources */,
				30EB81312FC31E2E0016E897 /* PrivacyPolicyView.swift in Sources */,
				30EB81322FC31E2E0016E897 /* SettingsView.swift in Sources */,
				30EB81332FC31E2E0016E897 /* SpeedRunView.swift in Sources */,
				30EB81342FC31E2E0016E897 /* ActivityTutorialView.swift in Sources */,
				30EB81352FC31E2E0016E897 /* AppDelegate.swift in Sources */,
				30EB81362FC31E2E0016E897 /* ContentView.swift in Sources */,
				30EB81372FC31E2E0016E897 /* SceneDelegate.swift in Sources */,
				30EB81382FC31E2E0016E897 /* ViewController.swift in Sources */,
			);
			runOnlyForDeploymentPostprocessing = 0;
		};
/* End PBXSourcesBuildPhase section */

/* Begin PBXVariantGroup section */
		30EB80FD2FC31E2E0016E897 /* LaunchScreen.storyboard */ = {
			isa = PBXVariantGroup;
			children = (
				30EB80FC2FC31E2E0016E897 /* Base */,
			);
			name = LaunchScreen.storyboard;
			sourceTree = "<group>";
		};
		30EB80FF2FC31E2E0016E897 /* Main.storyboard */ = {
			isa = PBXVariantGroup;
			children = (
				30EB80FE2FC31E2E0016E897 /* Base */,
			);
			name = Main.storyboard;
			sourceTree = "<group>";
		};
/* End PBXVariantGroup section */

/* Begin XCBuildConfiguration section */
		30EB7F022FC2F6CD0016E897 /* Debug */ = {
			isa = XCBuildConfiguration;
			baseConfigurationReference = 77908363CFA9AA401E4C3DCC /* Pods-184ClearviaSmartSpace.debug.xcconfig */;
			buildSettings = {
				ASSETCATALOG_COMPILER_APPICON_NAME = AppIcon;
				ASSETCATALOG_COMPILER_GLOBAL_ACCENT_COLOR_NAME = AccentColor;
				CODE_SIGN_STYLE = Automatic;
				CURRENT_PROJECT_VERSION = 1;
				GENERATE_INFOPLIST_FILE = YES;
				INFOPLIST_FILE = 184ClearviaSmartSpace/Info.plist;
				INFOPLIST_KEY_CFBundleDisplayName = "Clearvia Smart Space";
				INFOPLIST_KEY_ITSAppUsesNonExemptEncryption = NO;
				INFOPLIST_KEY_LSApplicationCategoryType = "public.app-category.puzzle-games";
				INFOPLIST_KEY_UIApplicationSupportsIndirectInputEvents = YES;
				INFOPLIST_KEY_UILaunchStoryboardName = LaunchScreen;
				INFOPLIST_KEY_UIMainStoryboardFile = Main;
				INFOPLIST_KEY_UIStatusBarStyle = UIStatusBarStyleLightContent;
				INFOPLIST_KEY_UISupportedInterfaceOrientations_iPad = "UIInterfaceOrientationPortrait UIInterfaceOrientationPortraitUpsideDown UIInterfaceOrientationLandscapeLeft UIInterfaceOrientationLandscapeRight";
				INFOPLIST_KEY_UISupportedInterfaceOrientations_iPhone = "UIInterfaceOrientationPortrait UIInterfaceOrientationLandscapeLeft UIInterfaceOrientationLandscapeRight";
				IPHONEOS_DEPLOYMENT_TARGET = 16.6;
				LD_RUNPATH_SEARCH_PATHS = (
					"$(inherited)",
					"@executable_path/Frameworks",
				);
				MARKETING_VERSION = 1.0;
				PRODUCT_BUNDLE_IDENTIFIER = com.kel.cl35rv15sm5rtsp5;
				PRODUCT_NAME = "$(TARGET_NAME)";
				STRING_CATALOG_GENERATE_SYMBOLS = YES;
				SUPPORTED_PLATFORMS = "iphoneos iphonesimulator";
				SUPPORTS_MACCATALYST = NO;
				SUPPORTS_MAC_DESIGNED_FOR_IPHONE_IPAD = NO;
				SUPPORTS_XR_DESIGNED_FOR_IPHONE_IPAD = NO;
				SWIFT_APPROACHABLE_CONCURRENCY = YES;
				SWIFT_DEFAULT_ACTOR_ISOLATION = MainActor;
				SWIFT_EMIT_LOC_STRINGS = YES;
				SWIFT_UPCOMING_FEATURE_MEMBER_IMPORT_VISIBILITY = YES;
				SWIFT_VERSION = 5.0;
				TARGETED_DEVICE_FAMILY = 1;
			};
			name = Debug;
		};
		30EB7F032FC2F6CD0016E897 /* Release */ = {
			isa = XCBuildConfiguration;
			baseConfigurationReference = E8347B6746A0BDC2A25739B6 /* Pods-184ClearviaSmartSpace.release.xcconfig */;
			buildSettings = {
				ASSETCATALOG_COMPILER_APPICON_NAME = AppIcon;
				ASSETCATALOG_COMPILER_GLOBAL_ACCENT_COLOR_NAME = AccentColor;
				CODE_SIGN_STYLE = Automatic;
				CURRENT_PROJECT_VERSION = 1;
				GENERATE_INFOPLIST_FILE = YES;
				INFOPLIST_FILE = 184ClearviaSmartSpace/Info.plist;
				INFOPLIST_KEY_CFBundleDisplayName = "Clearvia Smart Space";
				INFOPLIST_KEY_ITSAppUsesNonExemptEncryption = NO;
				INFOPLIST_KEY_LSApplicationCategoryType = "public.app-category.puzzle-games";
				INFOPLIST_KEY_UIApplicationSupportsIndirectInputEvents = YES;
				INFOPLIST_KEY_UILaunchStoryboardName = LaunchScreen;
				INFOPLIST_KEY_UIMainStoryboardFile = Main;
				INFOPLIST_KEY_UIStatusBarStyle = UIStatusBarStyleLightContent;
				INFOPLIST_KEY_UISupportedInterfaceOrientations_iPad = "UIInterfaceOrientationPortrait UIInterfaceOrientationPortraitUpsideDown UIInterfaceOrientationLandscapeLeft UIInterfaceOrientationLandscapeRight";
				INFOPLIST_KEY_UISupportedInterfaceOrientations_iPhone = "UIInterfaceOrientationPortrait UIInterfaceOrientationLandscapeLeft UIInterfaceOrientationLandscapeRight";
				IPHONEOS_DEPLOYMENT_TARGET = 16.6;
				LD_RUNPATH_SEARCH_PATHS = (
					"$(inherited)",
					"@executable_path/Frameworks",
				);
				MARKETING_VERSION = 1.0;
				PRODUCT_BUNDLE_IDENTIFIER = com.kel.cl35rv15sm5rtsp5;
				PRODUCT_NAME = "$(TARGET_NAME)";
				STRING_CATALOG_GENERATE_SYMBOLS = YES;
				SUPPORTED_PLATFORMS = "iphoneos iphonesimulator";
				SUPPORTS_MACCATALYST = NO;
				SUPPORTS_MAC_DESIGNED_FOR_IPHONE_IPAD = NO;
				SUPPORTS_XR_DESIGNED_FOR_IPHONE_IPAD = NO;
				SWIFT_APPROACHABLE_CONCURRENCY = YES;
				SWIFT_DEFAULT_ACTOR_ISOLATION = MainActor;
				SWIFT_EMIT_LOC_STRINGS = YES;
				SWIFT_UPCOMING_FEATURE_MEMBER_IMPORT_VISIBILITY = YES;
				SWIFT_VERSION = 5.0;
				TARGETED_DEVICE_FAMILY = 1;
			};
			name = Release;
		};
		30EB7F042FC2F6CD0016E897 /* Debug */ = {
			isa = XCBuildConfiguration;
			buildSettings = {
				ALWAYS_SEARCH_USER_PATHS = NO;
				ASSETCATALOG_COMPILER_GENERATE_SWIFT_ASSET_SYMBOL_EXTENSIONS = YES;
				CLANG_ANALYZER_NONNULL = YES;
				CLANG_ANALYZER_NUMBER_OBJECT_CONVERSION = YES_AGGRESSIVE;
				CLANG_CXX_LANGUAGE_STANDARD = "gnu++20";
				CLANG_ENABLE_MODULES = YES;
				CLANG_ENABLE_OBJC_ARC = YES;
				CLANG_ENABLE_OBJC_WEAK = YES;
				CLANG_WARN_BLOCK_CAPTURE_AUTORELEASING = YES;
				CLANG_WARN_BOOL_CONVERSION = YES;
				CLANG_WARN_COMMA = YES;
				CLANG_WARN_CONSTANT_CONVERSION = YES;
				CLANG_WARN_DEPRECATED_OBJC_IMPLEMENTATIONS = YES;
				CLANG_WARN_DIRECT_OBJC_ISA_USAGE = YES_ERROR;
				CLANG_WARN_DOCUMENTATION_COMMENTS = YES;
				CLANG_WARN_EMPTY_BODY = YES;
				CLANG_WARN_ENUM_CONVERSION = YES;
				CLANG_WARN_INFINITE_RECURSION = YES;
				CLANG_WARN_INT_CONVERSION = YES;
				CLANG_WARN_NON_LITERAL_NULL_CONVERSION = YES;
				CLANG_WARN_OBJC_IMPLICIT_RETAIN_SELF = YES;
				CLANG_WARN_OBJC_LITERAL_CONVERSION = YES;
				CLANG_WARN_OBJC_ROOT_CLASS = YES_ERROR;
				CLANG_WARN_QUOTED_INCLUDE_IN_FRAMEWORK_HEADER = YES;
				CLANG_WARN_RANGE_LOOP_ANALYSIS = YES;
				CLANG_WARN_STRICT_PROTOTYPES = YES;
				CLANG_WARN_SUSPICIOUS_MOVE = YES;
				CLANG_WARN_UNGUARDED_AVAILABILITY = YES_AGGRESSIVE;
				CLANG_WARN_UNREACHABLE_CODE = YES;
				CLANG_WARN__DUPLICATE_METHOD_MATCH = YES;
				COPY_PHASE_STRIP = NO;
				DEBUG_INFORMATION_FORMAT = dwarf;
				ENABLE_STRICT_OBJC_MSGSEND = YES;
				ENABLE_TESTABILITY = YES;
				ENABLE_USER_SCRIPT_SANDBOXING = YES;
				GCC_C_LANGUAGE_STANDARD = gnu17;
				GCC_DYNAMIC_NO_PIC = NO;
				GCC_NO_COMMON_BLOCKS = YES;
				GCC_OPTIMIZATION_LEVEL = 0;
				GCC_PREPROCESSOR_DEFINITIONS = (
					"DEBUG=1",
					"$(inherited)",
				);
				GCC_WARN_64_TO_32_BIT_CONVERSION = YES;
				GCC_WARN_ABOUT_RETURN_TYPE = YES_ERROR;
				GCC_WARN_UNDECLARED_SELECTOR = YES;
				GCC_WARN_UNINITIALIZED_AUTOS = YES_AGGRESSIVE;
				GCC_WARN_UNUSED_FUNCTION = YES;
				GCC_WARN_UNUSED_VARIABLE = YES;
				IPHONEOS_DEPLOYMENT_TARGET = 26.4;
				LOCALIZATION_PREFERS_STRING_CATALOGS = YES;
				MTL_ENABLE_DEBUG_INFO = INCLUDE_SOURCE;
				MTL_FAST_MATH = YES;
				ONLY_ACTIVE_ARCH = YES;
				SDKROOT = iphoneos;
				SWIFT_ACTIVE_COMPILATION_CONDITIONS = "DEBUG $(inherited)";
				SWIFT_OPTIMIZATION_LEVEL = "-Onone";
			};
			name = Debug;
		};
		30EB7F052FC2F6CD0016E897 /* Release */ = {
			isa = XCBuildConfiguration;
			buildSettings = {
				ALWAYS_SEARCH_USER_PATHS = NO;
				ASSETCATALOG_COMPILER_GENERATE_SWIFT_ASSET_SYMBOL_EXTENSIONS = YES;
				CLANG_ANALYZER_NONNULL = YES;
				CLANG_ANALYZER_NUMBER_OBJECT_CONVERSION = YES_AGGRESSIVE;
				CLANG_CXX_LANGUAGE_STANDARD = "gnu++20";
				CLANG_ENABLE_MODULES = YES;
				CLANG_ENABLE_OBJC_ARC = YES;
				CLANG_ENABLE_OBJC_WEAK = YES;
				CLANG_WARN_BLOCK_CAPTURE_AUTORELEASING = YES;
				CLANG_WARN_BOOL_CONVERSION = YES;
				CLANG_WARN_COMMA = YES;
				CLANG_WARN_CONSTANT_CONVERSION = YES;
				CLANG_WARN_DEPRECATED_OBJC_IMPLEMENTATIONS = YES;
				CLANG_WARN_DIRECT_OBJC_ISA_USAGE = YES_ERROR;
				CLANG_WARN_DOCUMENTATION_COMMENTS = YES;
				CLANG_WARN_EMPTY_BODY = YES;
				CLANG_WARN_ENUM_CONVERSION = YES;
				CLANG_WARN_INFINITE_RECURSION = YES;
				CLANG_WARN_INT_CONVERSION = YES;
				CLANG_WARN_NON_LITERAL_NULL_CONVERSION = YES;
				CLANG_WARN_OBJC_IMPLICIT_RETAIN_SELF = YES;
				CLANG_WARN_OBJC_LITERAL_CONVERSION = YES;
				CLANG_WARN_OBJC_ROOT_CLASS = YES_ERROR;
				CLANG_WARN_QUOTED_INCLUDE_IN_FRAMEWORK_HEADER = YES;
				CLANG_WARN_RANGE_LOOP_ANALYSIS = YES;
				CLANG_WARN_STRICT_PROTOTYPES = YES;
				CLANG_WARN_SUSPICIOUS_MOVE = YES;
				CLANG_WARN_UNGUARDED_AVAILABILITY = YES_AGGRESSIVE;
				CLANG_WARN_UNREACHABLE_CODE = YES;
				CLANG_WARN__DUPLICATE_METHOD_MATCH = YES;
				COPY_PHASE_STRIP = NO;
				DEBUG_INFORMATION_FORMAT = "dwarf-with-dsym";
				ENABLE_NS_ASSERTIONS = NO;
				ENABLE_STRICT_OBJC_MSGSEND = YES;
				ENABLE_USER_SCRIPT_SANDBOXING = YES;
				GCC_C_LANGUAGE_STANDARD = gnu17;
				GCC_NO_COMMON_BLOCKS = YES;
				GCC_WARN_64_TO_32_BIT_CONVERSION = YES;
				GCC_WARN_ABOUT_RETURN_TYPE = YES_ERROR;
				GCC_WARN_UNDECLARED_SELECTOR = YES;
				GCC_WARN_UNINITIALIZED_AUTOS = YES_AGGRESSIVE;
				GCC_WARN_UNUSED_FUNCTION = YES;
				GCC_WARN_UNUSED_VARIABLE = YES;
				IPHONEOS_DEPLOYMENT_TARGET = 26.4;
				LOCALIZATION_PREFERS_STRING_CATALOGS = YES;
				MTL_ENABLE_DEBUG_INFO = NO;
				MTL_FAST_MATH = YES;
				SDKROOT = iphoneos;
				SWIFT_COMPILATION_MODE = wholemodule;
				VALIDATE_PRODUCT = YES;
			};
			name = Release;
		};
/* End XCBuildConfiguration section */

/* Begin XCConfigurationList section */
		30EB7EE92FC2F6CB0016E897 /* Build configuration list for PBXProject "184ClearviaSmartSpace" */ = {
			isa = XCConfigurationList;
			buildConfigurations = (
				30EB7F042FC2F6CD0016E897 /* Debug */,
				30EB7F052FC2F6CD0016E897 /* Release */,
			);
			defaultConfigurationIsVisible = 0;
			defaultConfigurationName = Release;
		};
		30EB7F012FC2F6CD0016E897 /* Build configuration list for PBXNativeTarget "184ClearviaSmartSpace" */ = {
			isa = XCConfigurationList;
			buildConfigurations = (
				30EB7F022FC2F6CD0016E897 /* Debug */,
				30EB7F032FC2F6CD0016E897 /* Release */,
			);
			defaultConfigurationIsVisible = 0;
			defaultConfigurationName = Release;
		};
/* End XCConfigurationList section */
	};
	rootObject = 30EB7EE62FC2F6CB0016E897 /* Project object */;
}
